// !$*UTF8*$!
{
	archiveVersion = 1;
	classes = {
	};
	objectVersion = 46;
	objects = {

/* Begin PBXBuildFile section */
		2D4CF66EF926450F920E3365 /* libPods.a in Frameworks */ = {isa = PBXBuildFile; fileRef = A7255E48F6D14CE185DFC1DE /* libPods.a */; };
		C1197B341962567400868228 /* placeholderPie.jpg in Resources */ = {isa = PBXBuildFile; fileRef = C1197B2F1962567400868228 /* placeholderPie.jpg */; };
		C1197B361962567400868228 /* placeholderBaby.jpg in Resources */ = {isa = PBXBuildFile; fileRef = C1197B311962567400868228 /* placeholderBaby.jpg */; };
		C1197B371962567400868228 /* placeholderBanner.jpg in Resources */ = {isa = PBXBuildFile; fileRef = C1197B321962567400868228 /* placeholderBanner.jpg */; };
		C1197B381962567400868228 /* placeholderShop.jpg in Resources */ = {isa = PBXBuildFile; fileRef = C1197B331962567400868228 /* placeholderShop.jpg */; };
		C1197B3A19625A4500868228 /* placeholderMan.png in Resources */ = {isa = PBXBuildFile; fileRef = C1197B3919625A4500868228 /* placeholderMan.png */; };
		C1197B4419628CDF00868228 /* KSHArticleTableViewCell.m in Sources */ = {isa = PBXBuildFile; fileRef = C1197B4319628CDF00868228 /* KSHArticleTableViewCell.m */; };
		C1355FEC19594FA9005DABED /* Foundation.framework in Frameworks */ = {isa = PBXBuildFile; fileRef = C1355FEB19594FA9005DABED /* Foundation.framework */; };
		C1355FEE19594FA9005DABED /* CoreGraphics.framework in Frameworks */ = {isa = PBXBuildFile; fileRef = C1355FED19594FA9005DABED /* CoreGraphics.framework */; };
		C1355FF019594FA9005DABED /* UIKit.framework in Frameworks */ = {isa = PBXBuildFile; fileRef = C1355FEF19594FA9005DABED /* UIKit.framework */; };
		C1355FF219594FA9005DABED /* CoreData.framework in Frameworks */ = {isa = PBXBuildFile; fileRef = C1355FF119594FA9005DABED /* CoreData.framework */; };
		C1355FF819594FA9005DABED /* InfoPlist.strings in Resources */ = {isa = PBXBuildFile; fileRef = C1355FF619594FA9005DABED /* InfoPlist.strings */; };
		C1355FFA19594FA9005DABED /* main.m in Sources */ = {isa = PBXBuildFile; fileRef = C1355FF919594FA9005DABED /* main.m */; };
		C1355FFE19594FA9005DABED /* KSHAppDelegate.m in Sources */ = {isa = PBXBuildFile; fileRef = C1355FFD19594FA9005DABED /* KSHAppDelegate.m */; };
		C135600119594FA9005DABED /* Main.storyboard in Resources */ = {isa = PBXBuildFile; fileRef = C1355FFF19594FA9005DABED /* Main.storyboard */; };
		C135600419594FA9005DABED /* KaiShengHui.xcdatamodeld in Sources */ = {isa = PBXBuildFile; fileRef = C135600219594FA9005DABED /* KaiShengHui.xcdatamodeld */; };
		C135600C19594FA9005DABED /* Images.xcassets in Resources */ = {isa = PBXBuildFile; fileRef = C135600B19594FA9005DABED /* Images.xcassets */; };
		C135601319594FA9005DABED /* XCTest.framework in Frameworks */ = {isa = PBXBuildFile; fileRef = C135601219594FA9005DABED /* XCTest.framework */; };
		C135601419594FA9005DABED /* Foundation.framework in Frameworks */ = {isa = PBXBuildFile; fileRef = C1355FEB19594FA9005DABED /* Foundation.framework */; };
		C135601519594FA9005DABED /* UIKit.framework in Frameworks */ = {isa = PBXBuildFile; fileRef = C1355FEF19594FA9005DABED /* UIKit.framework */; };
		C135601619594FA9005DABED /* CoreData.framework in Frameworks */ = {isa = PBXBuildFile; fileRef = C1355FF119594FA9005DABED /* CoreData.framework */; };
		C135601E19594FA9005DABED /* InfoPlist.strings in Resources */ = {isa = PBXBuildFile; fileRef = C135601C19594FA9005DABED /* InfoPlist.strings */; };
		C135602019594FA9005DABED /* KaiShengHuiTests.m in Sources */ = {isa = PBXBuildFile; fileRef = C135601F19594FA9005DABED /* KaiShengHuiTests.m */; };
		C135603819595523005DABED /* KSHMappingProvider.m in Sources */ = {isa = PBXBuildFile; fileRef = C135603719595523005DABED /* KSHMappingProvider.m */; };
		C135603B19595590005DABED /* KSHObjectManager.m in Sources */ = {isa = PBXBuildFile; fileRef = C135603A19595590005DABED /* KSHObjectManager.m */; };
		C1A4C39F196298E500603DC6 /* SWRevealViewController.m in Sources */ = {isa = PBXBuildFile; fileRef = C1A4C39E196298E500603DC6 /* SWRevealViewController.m */; };
		C1B899D1195D5E2A008D0621 /* KSHUser.m in Sources */ = {isa = PBXBuildFile; fileRef = C1B899D0195D5E2A008D0621 /* KSHUser.m */; };
		C1B899D4195D5E2B008D0621 /* KSHFunction.m in Sources */ = {isa = PBXBuildFile; fileRef = C1B899D3195D5E2B008D0621 /* KSHFunction.m */; };
		C1B899D7195D5E2B008D0621 /* KSHIndustry.m in Sources */ = {isa = PBXBuildFile; fileRef = C1B899D6195D5E2B008D0621 /* KSHIndustry.m */; };
		C1B899DA195D5E2B008D0621 /* KSHArticle.m in Sources */ = {isa = PBXBuildFile; fileRef = C1B899D9195D5E2B008D0621 /* KSHArticle.m */; };
		C1B899DD195D5E2B008D0621 /* KSHTag.m in Sources */ = {isa = PBXBuildFile; fileRef = C1B899DC195D5E2B008D0621 /* KSHTag.m */; };
		C1EBCDD41963A3E900C04FC4 /* placeholder-square.jpg in Resources */ = {isa = PBXBuildFile; fileRef = C1EBCDD31963A3E900C04FC4 /* placeholder-square.jpg */; };
		C1F6FF8519596350006EE5F7 /* KSHUserManager.m in Sources */ = {isa = PBXBuildFile; fileRef = C1F6FF8419596350006EE5F7 /* KSHUserManager.m */; };
		C1F6FF881959635E006EE5F7 /* KSHArticleManager.m in Sources */ = {isa = PBXBuildFile; fileRef = C1F6FF871959635E006EE5F7 /* KSHArticleManager.m */; };
		C1F6FF9919597E0E006EE5F7 /* KSHArticleTableViewController.m in Sources */ = {isa = PBXBuildFile; fileRef = C1F6FF9819597E0E006EE5F7 /* KSHArticleTableViewController.m */; };
		C1F6FF9F19597E87006EE5F7 /* KSHArticleDetailViewController.m in Sources */ = {isa = PBXBuildFile; fileRef = C1F6FF9E19597E87006EE5F7 /* KSHArticleDetailViewController.m */; };
		C1F87B92195D3E9700DD300D /* KSHUserProfileTableViewCell.m in Sources */ = {isa = PBXBuildFile; fileRef = C1F87B91195D3E9700DD300D /* KSHUserProfileTableViewCell.m */; };
		C1F87B95195D3EAA00DD300D /* KSHUserProfileTableViewController.m in Sources */ = {isa = PBXBuildFile; fileRef = C1F87B94195D3EAA00DD300D /* KSHUserProfileTableViewController.m */; };
		C1F87B98195D3ECF00DD300D /* KSHUserProfileDetailViewController.m in Sources */ = {isa = PBXBuildFile; fileRef = C1F87B97195D3ECF00DD300D /* KSHUserProfileDetailViewController.m */; };
		C1F87B9C195D3F0900DD300D /* KSHLoginViewController.m in Sources */ = {isa = PBXBuildFile; fileRef = C1F87B9B195D3F0900DD300D /* KSHLoginViewController.m */; };
		C1F87B9F195D3F1800DD300D /* KSHSideBarTableViewController.m in Sources */ = {isa = PBXBuildFile; fileRef = C1F87B9E195D3F1800DD300D /* KSHSideBarTableViewController.m */; };
		C1F87BA2195D3F4100DD300D /* KSHSidebarTableViewCell.m in Sources */ = {isa = PBXBuildFile; fileRef = C1F87BA1195D3F4100DD300D /* KSHSidebarTableViewCell.m */; };
/* End PBXBuildFile section */

/* Begin PBXContainerItemProxy section */
		C135601719594FA9005DABED /* PBXContainerItemProxy */ = {
			isa = PBXContainerItemProxy;
			containerPortal = C1355FE019594FA9005DABED /* Project object */;
			proxyType = 1;
			remoteGlobalIDString = C1355FE719594FA9005DABED;
			remoteInfo = KaiShengHui;
		};
/* End PBXContainerItemProxy section */

/* Begin PBXFileReference section */
		07AC7ED80DC44FFAADF56747 /* Pods.xcconfig */ = {isa = PBXFileReference; includeInIndex = 1; lastKnownFileType = text.xcconfig; name = Pods.xcconfig; path = Pods/Pods.xcconfig; sourceTree = "<group>"; };
		A7255E48F6D14CE185DFC1DE /* libPods.a */ = {isa = PBXFileReference; explicitFileType = archive.ar; includeInIndex = 0; path = libPods.a; sourceTree = BUILT_PRODUCTS_DIR; };
		C1197B2F1962567400868228 /* placeholderPie.jpg */ = {isa = PBXFileReference; lastKnownFileType = image.jpeg; path = placeholderPie.jpg; sourceTree = "<group>"; };
		C1197B311962567400868228 /* placeholderBaby.jpg */ = {isa = PBXFileReference; lastKnownFileType = image.jpeg; path = placeholderBaby.jpg; sourceTree = "<group>"; };
		C1197B321962567400868228 /* placeholderBanner.jpg */ = {isa = PBXFileReference; lastKnownFileType = image.jpeg; path = placeholderBanner.jpg; sourceTree = "<group>"; };
		C1197B331962567400868228 /* placeholderShop.jpg */ = {isa = PBXFileReference; lastKnownFileType = image.jpeg; path = placeholderShop.jpg; sourceTree = "<group>"; };
		C1197B3919625A4500868228 /* placeholderMan.png */ = {isa = PBXFileReference; lastKnownFileType = image.png; path = placeholderMan.png; sourceTree = "<group>"; };
		C1197B4219628CDF00868228 /* KSHArticleTableViewCell.h */ = {isa = PBXFileReference; fileEncoding = 4; lastKnownFileType = sourcecode.c.h; path = KSHArticleTableViewCell.h; sourceTree = "<group>"; };
		C1197B4319628CDF00868228 /* KSHArticleTableViewCell.m */ = {isa = PBXFileReference; fileEncoding = 4; lastKnownFileType = sourcecode.c.objc; path = KSHArticleTableViewCell.m; sourceTree = "<group>"; };
		C1355FE819594FA9005DABED /* KaiShengHui.app */ = {isa = PBXFileReference; explicitFileType = wrapper.application; includeInIndex = 0; path = KaiShengHui.app; sourceTree = BUILT_PRODUCTS_DIR; };
		C1355FEB19594FA9005DABED /* Foundation.framework */ = {isa = PBXFileReference; lastKnownFileType = wrapper.framework; name = Foundation.framework; path = System/Library/Frameworks/Foundation.framework; sourceTree = SDKROOT; };
		C1355FED19594FA9005DABED /* CoreGraphics.framework */ = {isa = PBXFileReference; lastKnownFileType = wrapper.framework; name = CoreGraphics.framework; path = System/Library/Frameworks/CoreGraphics.framework; sourceTree = SDKROOT; };
		C1355FEF19594FA9005DABED /* UIKit.framework */ = {isa = PBXFileReference; lastKnownFileType = wrapper.framework; name = UIKit.framework; path = System/Library/Frameworks/UIKit.framework; sourceTree = SDKROOT; };
		C1355FF119594FA9005DABED /* CoreData.framework */ = {isa = PBXFileReference; lastKnownFileType = wrapper.framework; name = CoreData.framework; path = System/Library/Frameworks/CoreData.framework; sourceTree = SDKROOT; };
		C1355FF519594FA9005DABED /* KaiShengHui-Info.plist */ = {isa = PBXFileReference; lastKnownFileType = text.plist.xml; path = "KaiShengHui-Info.plist"; sourceTree = "<group>"; };
		C1355FF719594FA9005DABED /* en */ = {isa = PBXFileReference; lastKnownFileType = text.plist.strings; name = en; path = en.lproj/InfoPlist.strings; sourceTree = "<group>"; };
		C1355FF919594FA9005DABED /* main.m */ = {isa = PBXFileReference; lastKnownFileType = sourcecode.c.objc; path = main.m; sourceTree = "<group>"; };
		C1355FFB19594FA9005DABED /* KaiShengHui-Prefix.pch */ = {isa = PBXFileReference; lastKnownFileType = sourcecode.c.h; path = "KaiShengHui-Prefix.pch"; sourceTree = "<group>"; };
		C1355FFC19594FA9005DABED /* KSHAppDelegate.h */ = {isa = PBXFileReference; lastKnownFileType = sourcecode.c.h; path = KSHAppDelegate.h; sourceTree = "<group>"; };
		C1355FFD19594FA9005DABED /* KSHAppDelegate.m */ = {isa = PBXFileReference; lastKnownFileType = sourcecode.c.objc; path = KSHAppDelegate.m; sourceTree = "<group>"; };
		C135600019594FA9005DABED /* Base */ = {isa = PBXFileReference; lastKnownFileType = file.storyboard; name = Base; path = Base.lproj/Main.storyboard; sourceTree = "<group>"; };
		C135600319594FA9005DABED /* KaiShengHui.xcdatamodel */ = {isa = PBXFileReference; lastKnownFileType = wrapper.xcdatamodel; path = KaiShengHui.xcdatamodel; sourceTree = "<group>"; };
		C135600B19594FA9005DABED /* Images.xcassets */ = {isa = PBXFileReference; lastKnownFileType = folder.assetcatalog; path = Images.xcassets; sourceTree = "<group>"; };
		C135601119594FA9005DABED /* KaiShengHuiTests.xctest */ = {isa = PBXFileReference; explicitFileType = wrapper.cfbundle; includeInIndex = 0; path = KaiShengHuiTests.xctest; sourceTree = BUILT_PRODUCTS_DIR; };
		C135601219594FA9005DABED /* XCTest.framework */ = {isa = PBXFileReference; lastKnownFileType = wrapper.framework; name = XCTest.framework; path = Library/Frameworks/XCTest.framework; sourceTree = DEVELOPER_DIR; };
		C135601B19594FA9005DABED /* KaiShengHuiTests-Info.plist */ = {isa = PBXFileReference; lastKnownFileType = text.plist.xml; path = "KaiShengHuiTests-Info.plist"; sourceTree = "<group>"; };
		C135601D19594FA9005DABED /* en */ = {isa = PBXFileReference; lastKnownFileType = text.plist.strings; name = en; path = en.lproj/InfoPlist.strings; sourceTree = "<group>"; };
		C135601F19594FA9005DABED /* KaiShengHuiTests.m */ = {isa = PBXFileReference; lastKnownFileType = sourcecode.c.objc; path = KaiShengHuiTests.m; sourceTree = "<group>"; };
		C135603619595523005DABED /* KSHMappingProvider.h */ = {isa = PBXFileReference; fileEncoding = 4; lastKnownFileType = sourcecode.c.h; path = KSHMappingProvider.h; sourceTree = "<group>"; };
		C135603719595523005DABED /* KSHMappingProvider.m */ = {isa = PBXFileReference; fileEncoding = 4; lastKnownFileType = sourcecode.c.objc; path = KSHMappingProvider.m; sourceTree = "<group>"; };
		C135603919595590005DABED /* KSHObjectManager.h */ = {isa = PBXFileReference; fileEncoding = 4; lastKnownFileType = sourcecode.c.h; path = KSHObjectManager.h; sourceTree = "<group>"; };
		C135603A19595590005DABED /* KSHObjectManager.m */ = {isa = PBXFileReference; fileEncoding = 4; lastKnownFileType = sourcecode.c.objc; path = KSHObjectManager.m; sourceTree = "<group>"; };
		C1A4C39D196298E500603DC6 /* SWRevealViewController.h */ = {isa = PBXFileReference; fileEncoding = 4; lastKnownFileType = sourcecode.c.h; path = SWRevealViewController.h; sourceTree = "<group>"; };
		C1A4C39E196298E500603DC6 /* SWRevealViewController.m */ = {isa = PBXFileReference; fileEncoding = 4; lastKnownFileType = sourcecode.c.objc; path = SWRevealViewController.m; sourceTree = "<group>"; };
		C1B899CF195D5E2A008D0621 /* KSHUser.h */ = {isa = PBXFileReference; fileEncoding = 4; lastKnownFileType = sourcecode.c.h; path = KSHUser.h; sourceTree = "<group>"; };
		C1B899D0195D5E2A008D0621 /* KSHUser.m */ = {isa = PBXFileReference; fileEncoding = 4; lastKnownFileType = sourcecode.c.objc; path = KSHUser.m; sourceTree = "<group>"; };
		C1B899D2195D5E2B008D0621 /* KSHFunction.h */ = {isa = PBXFileReference; fileEncoding = 4; lastKnownFileType = sourcecode.c.h; path = KSHFunction.h; sourceTree = "<group>"; };
		C1B899D3195D5E2B008D0621 /* KSHFunction.m */ = {isa = PBXFileReference; fileEncoding = 4; lastKnownFileType = sourcecode.c.objc; path = KSHFunction.m; sourceTree = "<group>"; };
		C1B899D5195D5E2B008D0621 /* KSHIndustry.h */ = {isa = PBXFileReference; fileEncoding = 4; lastKnownFileType = sourcecode.c.h; path = KSHIndustry.h; sourceTree = "<group>"; };
		C1B899D6195D5E2B008D0621 /* KSHIndustry.m */ = {isa = PBXFileReference; fileEncoding = 4; lastKnownFileType = sourcecode.c.objc; path = KSHIndustry.m; sourceTree = "<group>"; };
		C1B899D8195D5E2B008D0621 /* KSHArticle.h */ = {isa = PBXFileReference; fileEncoding = 4; lastKnownFileType = sourcecode.c.h; path = KSHArticle.h; sourceTree = "<group>"; };
		C1B899D9195D5E2B008D0621 /* KSHArticle.m */ = {isa = PBXFileReference; fileEncoding = 4; lastKnownFileType = sourcecode.c.objc; path = KSHArticle.m; sourceTree = "<group>"; };
		C1B899DB195D5E2B008D0621 /* KSHTag.h */ = {isa = PBXFileReference; fileEncoding = 4; lastKnownFileType = sourcecode.c.h; path = KSHTag.h; sourceTree = "<group>"; };
		C1B899DC195D5E2B008D0621 /* KSHTag.m */ = {isa = PBXFileReference; fileEncoding = 4; lastKnownFileType = sourcecode.c.objc; path = KSHTag.m; sourceTree = "<group>"; };
		C1EBCDD31963A3E900C04FC4 /* placeholder-square.jpg */ = {isa = PBXFileReference; lastKnownFileType = image.jpeg; path = "placeholder-square.jpg"; sourceTree = "<group>"; };
		C1F6FF8319596350006EE5F7 /* KSHUserManager.h */ = {isa = PBXFileReference; fileEncoding = 4; lastKnownFileType = sourcecode.c.h; path = KSHUserManager.h; sourceTree = "<group>"; };
		C1F6FF8419596350006EE5F7 /* KSHUserManager.m */ = {isa = PBXFileReference; fileEncoding = 4; lastKnownFileType = sourcecode.c.objc; path = KSHUserManager.m; sourceTree = "<group>"; };
		C1F6FF861959635E006EE5F7 /* KSHArticleManager.h */ = {isa = PBXFileReference; fileEncoding = 4; lastKnownFileType = sourcecode.c.h; path = KSHArticleManager.h; sourceTree = "<group>"; };
		C1F6FF871959635E006EE5F7 /* KSHArticleManager.m */ = {isa = PBXFileReference; fileEncoding = 4; lastKnownFileType = sourcecode.c.objc; path = KSHArticleManager.m; sourceTree = "<group>"; };
		C1F6FF9719597E0E006EE5F7 /* KSHArticleTableViewController.h */ = {isa = PBXFileReference; fileEncoding = 4; lastKnownFileType = sourcecode.c.h; path = KSHArticleTableViewController.h; sourceTree = "<group>"; };
		C1F6FF9819597E0E006EE5F7 /* KSHArticleTableViewController.m */ = {isa = PBXFileReference; fileEncoding = 4; lastKnownFileType = sourcecode.c.objc; path = KSHArticleTableViewController.m; sourceTree = "<group>"; };
		C1F6FF9D19597E87006EE5F7 /* KSHArticleDetailViewController.h */ = {isa = PBXFileReference; fileEncoding = 4; lastKnownFileType = sourcecode.c.h; path = KSHArticleDetailViewController.h; sourceTree = "<group>"; };
		C1F6FF9E19597E87006EE5F7 /* KSHArticleDetailViewController.m */ = {isa = PBXFileReference; fileEncoding = 4; lastKnownFileType = sourcecode.c.objc; path = KSHArticleDetailViewController.m; sourceTree = "<group>"; };
		C1F87B90195D3E9700DD300D /* KSHUserProfileTableViewCell.h */ = {isa = PBXFileReference; fileEncoding = 4; lastKnownFileType = sourcecode.c.h; path = KSHUserProfileTableViewCell.h; sourceTree = "<group>"; };
		C1F87B91195D3E9700DD300D /* KSHUserProfileTableViewCell.m */ = {isa = PBXFileReference; fileEncoding = 4; lastKnownFileType = sourcecode.c.objc; path = KSHUserProfileTableViewCell.m; sourceTree = "<group>"; };
		C1F87B93195D3EA900DD300D /* KSHUserProfileTableViewController.h */ = {isa = PBXFileReference; fileEncoding = 4; lastKnownFileType = sourcecode.c.h; path = KSHUserProfileTableViewController.h; sourceTree = "<group>"; };
		C1F87B94195D3EAA00DD300D /* KSHUserProfileTableViewController.m */ = {isa = PBXFileReference; fileEncoding = 4; lastKnownFileType = sourcecode.c.objc; path = KSHUserProfileTableViewController.m; sourceTree = "<group>"; };
		C1F87B96195D3ECF00DD300D /* KSHUserProfileDetailViewController.h */ = {isa = PBXFileReference; fileEncoding = 4; lastKnownFileType = sourcecode.c.h; path = KSHUserProfileDetailViewController.h; sourceTree = "<group>"; };
		C1F87B97195D3ECF00DD300D /* KSHUserProfileDetailViewController.m */ = {isa = PBXFileReference; fileEncoding = 4; lastKnownFileType = sourcecode.c.objc; path = KSHUserProfileDetailViewController.m; sourceTree = "<group>"; };
		C1F87B9A195D3F0900DD300D /* KSHLoginViewController.h */ = {isa = PBXFileReference; fileEncoding = 4; lastKnownFileType = sourcecode.c.h; path = KSHLoginViewController.h; sourceTree = "<group>"; };
		C1F87B9B195D3F0900DD300D /* KSHLoginViewController.m */ = {isa = PBXFileReference; fileEncoding = 4; lastKnownFileType = sourcecode.c.objc; path = KSHLoginViewController.m; sourceTree = "<group>"; };
		C1F87B9D195D3F1800DD300D /* KSHSideBarTableViewController.h */ = {isa = PBXFileReference; fileEncoding = 4; lastKnownFileType = sourcecode.c.h; path = KSHSideBarTableViewController.h; sourceTree = "<group>"; };
		C1F87B9E195D3F1800DD300D /* KSHSideBarTableViewController.m */ = {isa = PBXFileReference; fileEncoding = 4; lastKnownFileType = sourcecode.c.objc; path = KSHSideBarTableViewController.m; sourceTree = "<group>"; };
		C1F87BA0195D3F4100DD300D /* KSHSidebarTableViewCell.h */ = {isa = PBXFileReference; fileEncoding = 4; lastKnownFileType = sourcecode.c.h; path = KSHSidebarTableViewCell.h; sourceTree = "<group>"; };
		C1F87BA1195D3F4100DD300D /* KSHSidebarTableViewCell.m */ = {isa = PBXFileReference; fileEncoding = 4; lastKnownFileType = sourcecode.c.objc; path = KSHSidebarTableViewCell.m; sourceTree = "<group>"; };
/* End PBXFileReference section */

/* Begin PBXFrameworksBuildPhase section */
		C1355FE519594FA9005DABED /* Frameworks */ = {
			isa = PBXFrameworksBuildPhase;
			buildActionMask = 2147483647;
			files = (
				C1355FEE19594FA9005DABED /* CoreGraphics.framework in Frameworks */,
				C1355FF219594FA9005DABED /* CoreData.framework in Frameworks */,
				C1355FF019594FA9005DABED /* UIKit.framework in Frameworks */,
				C1355FEC19594FA9005DABED /* Foundation.framework in Frameworks */,
				2D4CF66EF926450F920E3365 /* libPods.a in Frameworks */,
			);
			runOnlyForDeploymentPostprocessing = 0;
		};
		C135600E19594FA9005DABED /* Frameworks */ = {
			isa = PBXFrameworksBuildPhase;
			buildActionMask = 2147483647;
			files = (
				C135601319594FA9005DABED /* XCTest.framework in Frameworks */,
				C135601619594FA9005DABED /* CoreData.framework in Frameworks */,
				C135601519594FA9005DABED /* UIKit.framework in Frameworks */,
				C135601419594FA9005DABED /* Foundation.framework in Frameworks */,
			);
			runOnlyForDeploymentPostprocessing = 0;
		};
/* End PBXFrameworksBuildPhase section */

/* Begin PBXGroup section */
		C1197B2E196251EE00868228 /* Assets */ = {
			isa = PBXGroup;
			children = (
				C1EBCDD31963A3E900C04FC4 /* placeholder-square.jpg */,
				C1197B3919625A4500868228 /* placeholderMan.png */,
				C1197B2F1962567400868228 /* placeholderPie.jpg */,
				C1197B311962567400868228 /* placeholderBaby.jpg */,
				C1197B321962567400868228 /* placeholderBanner.jpg */,
				C1197B331962567400868228 /* placeholderShop.jpg */,
			);
			name = Assets;
			sourceTree = "<group>";
		};
		C1197B3F196286BF00868228 /* UserView */ = {
			isa = PBXGroup;
			children = (
				C1F87B90195D3E9700DD300D /* KSHUserProfileTableViewCell.h */,
				C1F87B91195D3E9700DD300D /* KSHUserProfileTableViewCell.m */,
			);
			name = UserView;
			sourceTree = "<group>";
		};
		C1197B40196286CA00868228 /* ArticleView */ = {
			isa = PBXGroup;
			children = (
				C1197B4219628CDF00868228 /* KSHArticleTableViewCell.h */,
				C1197B4319628CDF00868228 /* KSHArticleTableViewCell.m */,
			);
			name = ArticleView;
			sourceTree = "<group>";
		};
		C1197B41196286D200868228 /* SidebarView */ = {
			isa = PBXGroup;
			children = (
				C1F87BA0195D3F4100DD300D /* KSHSidebarTableViewCell.h */,
				C1F87BA1195D3F4100DD300D /* KSHSidebarTableViewCell.m */,
			);
			name = SidebarView;
			sourceTree = "<group>";
		};
		C1355FDF19594FA9005DABED = {
			isa = PBXGroup;
			children = (
				C1355FF319594FA9005DABED /* KaiShengHui */,
				C135601919594FA9005DABED /* KaiShengHuiTests */,
				C1355FEA19594FA9005DABED /* Frameworks */,
				C1355FE919594FA9005DABED /* Products */,
				07AC7ED80DC44FFAADF56747 /* Pods.xcconfig */,
			);
			sourceTree = "<group>";
		};
		C1355FE919594FA9005DABED /* Products */ = {
			isa = PBXGroup;
			children = (
				C1355FE819594FA9005DABED /* KaiShengHui.app */,
				C135601119594FA9005DABED /* KaiShengHuiTests.xctest */,
			);
			name = Products;
			sourceTree = "<group>";
		};
		C1355FEA19594FA9005DABED /* Frameworks */ = {
			isa = PBXGroup;
			children = (
				C1355FEB19594FA9005DABED /* Foundation.framework */,
				C1355FED19594FA9005DABED /* CoreGraphics.framework */,
				C1355FEF19594FA9005DABED /* UIKit.framework */,
				C1355FF119594FA9005DABED /* CoreData.framework */,
				C135601219594FA9005DABED /* XCTest.framework */,
				A7255E48F6D14CE185DFC1DE /* libPods.a */,
			);
			name = Frameworks;
			sourceTree = "<group>";
		};
		C1355FF319594FA9005DABED /* KaiShengHui */ = {
			isa = PBXGroup;
			children = (
				C1ABFE2F195C206E006560E7 /* Networking */,
				C135602B195950B9005DABED /* Models */,
				C1ABFE30195C20A5006560E7 /* Views */,
				C135602C195950BF005DABED /* Controllers */,
				C1355FFC19594FA9005DABED /* KSHAppDelegate.h */,
				C1355FFD19594FA9005DABED /* KSHAppDelegate.m */,
				C1355FFF19594FA9005DABED /* Main.storyboard */,
				C135600B19594FA9005DABED /* Images.xcassets */,
				C1197B2E196251EE00868228 /* Assets */,
				C1355FF419594FA9005DABED /* Supporting Files */,
			);
			path = KaiShengHui;
			sourceTree = "<group>";
		};
		C1355FF419594FA9005DABED /* Supporting Files */ = {
			isa = PBXGroup;
			children = (
				C1355FF519594FA9005DABED /* KaiShengHui-Info.plist */,
				C1355FF619594FA9005DABED /* InfoPlist.strings */,
				C1355FF919594FA9005DABED /* main.m */,
				C1355FFB19594FA9005DABED /* KaiShengHui-Prefix.pch */,
			);
			name = "Supporting Files";
			sourceTree = "<group>";
		};
		C135601919594FA9005DABED /* KaiShengHuiTests */ = {
			isa = PBXGroup;
			children = (
				C135601F19594FA9005DABED /* KaiShengHuiTests.m */,
				C135601A19594FA9005DABED /* Supporting Files */,
			);
			path = KaiShengHuiTests;
			sourceTree = "<group>";
		};
		C135601A19594FA9005DABED /* Supporting Files */ = {
			isa = PBXGroup;
			children = (
				C135601B19594FA9005DABED /* KaiShengHuiTests-Info.plist */,
				C135601C19594FA9005DABED /* InfoPlist.strings */,
			);
			name = "Supporting Files";
			sourceTree = "<group>";
		};
		C135602B195950B9005DABED /* Models */ = {
			isa = PBXGroup;
			children = (
				C135600219594FA9005DABED /* KaiShengHui.xcdatamodeld */,
				C1ABFE35195C2127006560E7 /* Entities */,
			);
			name = Models;
			sourceTree = "<group>";
		};
		C135602C195950BF005DABED /* Controllers */ = {
			isa = PBXGroup;
			children = (
				C1F6FF9619597DE8006EE5F7 /* ArticleControllers */,
				C1ABFE31195C20B5006560E7 /* LoginControllers */,
				C1F87B99195D3EEB00DD300D /* SidebarControllers */,
				C1F6FFA019597E8E006EE5F7 /* UserControllers */,
			);
			name = Controllers;
			sourceTree = "<group>";
		};
		C1ABFE2F195C206E006560E7 /* Networking */ = {
			isa = PBXGroup;
			children = (
				C1F6FF90195963D3006EE5F7 /* ObjectManagers */,
				C1F6FF8F195963CC006EE5F7 /* MappingProvider */,
			);
			name = Networking;
			sourceTree = "<group>";
		};
		C1ABFE30195C20A5006560E7 /* Views */ = {
			isa = PBXGroup;
			children = (
				C1197B40196286CA00868228 /* ArticleView */,
				C1197B41196286D200868228 /* SidebarView */,
				C1197B3F196286BF00868228 /* UserView */,
			);
			name = Views;
			sourceTree = "<group>";
		};
		C1ABFE31195C20B5006560E7 /* LoginControllers */ = {
			isa = PBXGroup;
			children = (
				C1F87B9A195D3F0900DD300D /* KSHLoginViewController.h */,
				C1F87B9B195D3F0900DD300D /* KSHLoginViewController.m */,
			);
			name = LoginControllers;
			sourceTree = "<group>";
		};
		C1ABFE32195C20ED006560E7 /* UserManager */ = {
			isa = PBXGroup;
			children = (
				C1F6FF8319596350006EE5F7 /* KSHUserManager.h */,
				C1F6FF8419596350006EE5F7 /* KSHUserManager.m */,
			);
			name = UserManager;
			sourceTree = "<group>";
		};
		C1ABFE33195C20F3006560E7 /* ArticleManager */ = {
			isa = PBXGroup;
			children = (
				C1F6FF861959635E006EE5F7 /* KSHArticleManager.h */,
				C1F6FF871959635E006EE5F7 /* KSHArticleManager.m */,
			);
			name = ArticleManager;
			sourceTree = "<group>";
		};
		C1ABFE34195C210B006560E7 /* ObjectManager */ = {
			isa = PBXGroup;
			children = (
				C135603919595590005DABED /* KSHObjectManager.h */,
				C135603A19595590005DABED /* KSHObjectManager.m */,
			);
			name = ObjectManager;
			sourceTree = "<group>";
		};
		C1ABFE35195C2127006560E7 /* Entities */ = {
			isa = PBXGroup;
			children = (
				C1B899DB195D5E2B008D0621 /* KSHTag.h */,
				C1B899DC195D5E2B008D0621 /* KSHTag.m */,
				C1B899D8195D5E2B008D0621 /* KSHArticle.h */,
				C1B899D9195D5E2B008D0621 /* KSHArticle.m */,
				C1B899D5195D5E2B008D0621 /* KSHIndustry.h */,
				C1B899D6195D5E2B008D0621 /* KSHIndustry.m */,
				C1B899D2195D5E2B008D0621 /* KSHFunction.h */,
				C1B899D3195D5E2B008D0621 /* KSHFunction.m */,
				C1B899CF195D5E2A008D0621 /* KSHUser.h */,
				C1B899D0195D5E2A008D0621 /* KSHUser.m */,
			);
			name = Entities;
			sourceTree = "<group>";
		};
		C1F6FF8F195963CC006EE5F7 /* MappingProvider */ = {
			isa = PBXGroup;
			children = (
				C135603619595523005DABED /* KSHMappingProvider.h */,
				C135603719595523005DABED /* KSHMappingProvider.m */,
			);
			name = MappingProvider;
			sourceTree = "<group>";
		};
		C1F6FF90195963D3006EE5F7 /* ObjectManagers */ = {
			isa = PBXGroup;
			children = (
				C1ABFE34195C210B006560E7 /* ObjectManager */,
				C1ABFE32195C20ED006560E7 /* UserManager */,
				C1ABFE33195C20F3006560E7 /* ArticleManager */,
			);
			name = ObjectManagers;
			sourceTree = "<group>";
		};
		C1F6FF9619597DE8006EE5F7 /* ArticleControllers */ = {
			isa = PBXGroup;
			children = (
				C1F6FF9719597E0E006EE5F7 /* KSHArticleTableViewController.h */,
				C1F6FF9819597E0E006EE5F7 /* KSHArticleTableViewController.m */,
				C1F6FF9D19597E87006EE5F7 /* KSHArticleDetailViewController.h */,
				C1F6FF9E19597E87006EE5F7 /* KSHArticleDetailViewController.m */,
			);
			name = ArticleControllers;
			sourceTree = "<group>";
		};
		C1F6FFA019597E8E006EE5F7 /* UserControllers */ = {
			isa = PBXGroup;
			children = (
				C1F87B93195D3EA900DD300D /* KSHUserProfileTableViewController.h */,
				C1F87B94195D3EAA00DD300D /* KSHUserProfileTableViewController.m */,
				C1F87B96195D3ECF00DD300D /* KSHUserProfileDetailViewController.h */,
				C1F87B97195D3ECF00DD300D /* KSHUserProfileDetailViewController.m */,
			);
			name = UserControllers;
			sourceTree = "<group>";
		};
		C1F87B99195D3EEB00DD300D /* SidebarControllers */ = {
			isa = PBXGroup;
			children = (
				C1A4C39D196298E500603DC6 /* SWRevealViewController.h */,
				C1A4C39E196298E500603DC6 /* SWRevealViewController.m */,
				C1F87B9D195D3F1800DD300D /* KSHSideBarTableViewController.h */,
				C1F87B9E195D3F1800DD300D /* KSHSideBarTableViewController.m */,
			);
			name = SidebarControllers;
			sourceTree = "<group>";
		};
/* End PBXGroup section */

/* Begin PBXNativeTarget section */
		C1355FE719594FA9005DABED /* KaiShengHui */ = {
			isa = PBXNativeTarget;
			buildConfigurationList = C135602319594FA9005DABED /* Build configuration list for PBXNativeTarget "KaiShengHui" */;
			buildPhases = (
				9865D4BC01AB4A9F8BBDCB2C /* Check Pods Manifest.lock */,
				C1355FE419594FA9005DABED /* Sources */,
				C1355FE519594FA9005DABED /* Frameworks */,
				C1355FE619594FA9005DABED /* Resources */,
				88BD827097BA407C8B212EB9 /* Copy Pods Resources */,
			);
			buildRules = (
			);
			dependencies = (
			);
			name = KaiShengHui;
			productName = KaiShengHui;
			productReference = C1355FE819594FA9005DABED /* KaiShengHui.app */;
			productType = "com.apple.product-type.application";
		};
		C135601019594FA9005DABED /* KaiShengHuiTests */ = {
			isa = PBXNativeTarget;
			buildConfigurationList = C135602619594FA9005DABED /* Build configuration list for PBXNativeTarget "KaiShengHuiTests" */;
			buildPhases = (
				C135600D19594FA9005DABED /* Sources */,
				C135600E19594FA9005DABED /* Frameworks */,
				C135600F19594FA9005DABED /* Resources */,
			);
			buildRules = (
			);
			dependencies = (
				C135601819594FA9005DABED /* PBXTargetDependency */,
			);
			name = KaiShengHuiTests;
			productName = KaiShengHuiTests;
			productReference = C135601119594FA9005DABED /* KaiShengHuiTests.xctest */;
			productType = "com.apple.product-type.bundle.unit-test";
		};
/* End PBXNativeTarget section */

/* Begin PBXProject section */
		C1355FE019594FA9005DABED /* Project object */ = {
			isa = PBXProject;
			attributes = {
				CLASSPREFIX = KSH;
				LastUpgradeCheck = 0510;
				ORGANIZATIONNAME = Capvision;
				TargetAttributes = {
					C135601019594FA9005DABED = {
						TestTargetID = C1355FE719594FA9005DABED;
					};
				};
			};
			buildConfigurationList = C1355FE319594FA9005DABED /* Build configuration list for PBXProject "KaiShengHui" */;
			compatibilityVersion = "Xcode 3.2";
			developmentRegion = English;
			hasScannedForEncodings = 0;
			knownRegions = (
				en,
				Base,
			);
			mainGroup = C1355FDF19594FA9005DABED;
			productRefGroup = C1355FE919594FA9005DABED /* Products */;
			projectDirPath = "";
			projectRoot = "";
			targets = (
				C1355FE719594FA9005DABED /* KaiShengHui */,
				C135601019594FA9005DABED /* KaiShengHuiTests */,
			);
		};
/* End PBXProject section */

/* Begin PBXResourcesBuildPhase section */
		C1355FE619594FA9005DABED /* Resources */ = {
			isa = PBXResourcesBuildPhase;
			buildActionMask = 2147483647;
			files = (
				C1197B381962567400868228 /* placeholderShop.jpg in Resources */,
				C1EBCDD41963A3E900C04FC4 /* placeholder-square.jpg in Resources */,
				C1197B341962567400868228 /* placeholderPie.jpg in Resources */,
				C135600C19594FA9005DABED /* Images.xcassets in Resources */,
				C1355FF819594FA9005DABED /* InfoPlist.strings in Resources */,
				C1197B3A19625A4500868228 /* placeholderMan.png in Resources */,
				C1197B361962567400868228 /* placeholderBaby.jpg in Resources */,
				C1197B371962567400868228 /* placeholderBanner.jpg in Resources */,
				C135600119594FA9005DABED /* Main.storyboard in Resources */,
			);
			runOnlyForDeploymentPostprocessing = 0;
		};
		C135600F19594FA9005DABED /* Resources */ = {
			isa = PBXResourcesBuildPhase;
			buildActionMask = 2147483647;
			files = (
				C135601E19594FA9005DABED /* InfoPlist.strings in Resources */,
			);
			runOnlyForDeploymentPostprocessing = 0;
		};
/* End PBXResourcesBuildPhase section */

/* Begin PBXShellScriptBuildPhase section */
		88BD827097BA407C8B212EB9 /* Copy Pods Resources */ = {
			isa = PBXShellScriptBuildPhase;
			buildActionMask = 2147483647;
			files = (
			);
			inputPaths = (
			);
			name = "Copy Pods Resources";
			outputPaths = (
			);
			runOnlyForDeploymentPostprocessing = 0;
			shellPath = /bin/sh;
			shellScript = "\"${SRCROOT}/Pods/Pods-resources.sh\"\n";
			showEnvVarsInLog = 0;
		};
		9865D4BC01AB4A9F8BBDCB2C /* Check Pods Manifest.lock */ = {
			isa = PBXShellScriptBuildPhase;
			buildActionMask = 2147483647;
			files = (
			);
			inputPaths = (
			);
			name = "Check Pods Manifest.lock";
			outputPaths = (
			);
			runOnlyForDeploymentPostprocessing = 0;
			shellPath = /bin/sh;
			shellScript = "diff \"${PODS_ROOT}/../Podfile.lock\" \"${PODS_ROOT}/Manifest.lock\" > /dev/null\nif [[ $? != 0 ]] ; then\n    cat << EOM\nerror: The sandbox is not in sync with the Podfile.lock. Run 'pod install' or update your CocoaPods installation.\nEOM\n    exit 1\nfi\n";
			showEnvVarsInLog = 0;
		};
/* End PBXShellScriptBuildPhase section */

/* Begin PBXSourcesBuildPhase section */
		C1355FE419594FA9005DABED /* Sources */ = {
			isa = PBXSourcesBuildPhase;
			buildActionMask = 2147483647;
			files = (
				C135600419594FA9005DABED /* KaiShengHui.xcdatamodeld in Sources */,
				C1F87B9C195D3F0900DD300D /* KSHLoginViewController.m in Sources */,
				C1F87B92195D3E9700DD300D /* KSHUserProfileTableViewCell.m in Sources */,
				C1F6FF8519596350006EE5F7 /* KSHUserManager.m in Sources */,
				C1F6FF9F19597E87006EE5F7 /* KSHArticleDetailViewController.m in Sources */,
				C1197B4419628CDF00868228 /* KSHArticleTableViewCell.m in Sources */,
				C1F87B95195D3EAA00DD300D /* KSHUserProfileTableViewController.m in Sources */,
				C1F87B98195D3ECF00DD300D /* KSHUserProfileDetailViewController.m in Sources */,
				C1F6FF881959635E006EE5F7 /* KSHArticleManager.m in Sources */,
				C135603819595523005DABED /* KSHMappingProvider.m in Sources */,
				C1B899D7195D5E2B008D0621 /* KSHIndustry.m in Sources */,
				C1B899D4195D5E2B008D0621 /* KSHFunction.m in Sources */,
				C1355FFA19594FA9005DABED /* main.m in Sources */,
				C1B899D1195D5E2A008D0621 /* KSHUser.m in Sources */,
				C135603B19595590005DABED /* KSHObjectManager.m in Sources */,
				C1B899DD195D5E2B008D0621 /* KSHTag.m in Sources */,
				C1B899DA195D5E2B008D0621 /* KSHArticle.m in Sources */,
				C1355FFE19594FA9005DABED /* KSHAppDelegate.m in Sources */,
				C1F87BA2195D3F4100DD300D /* KSHSidebarTableViewCell.m in Sources */,
				C1A4C39F196298E500603DC6 /* SWRevealViewController.m in Sources */,
				C1F87B9F195D3F1800DD300D /* KSHSideBarTableViewController.m in Sources */,
				C1F6FF9919597E0E006EE5F7 /* KSHArticleTableViewController.m in Sources */,
			);
			runOnlyForDeploymentPostprocessing = 0;
		};
		C135600D19594FA9005DABED /* Sources */ = {
			isa = PBXSourcesBuildPhase;
			buildActionMask = 2147483647;
			files = (
				C135602019594FA9005DABED /* KaiShengHuiTests.m in Sources */,
			);
			runOnlyForDeploymentPostprocessing = 0;
		};
/* End PBXSourcesBuildPhase section */

/* Begin PBXTargetDependency section */
		C135601819594FA9005DABED /* PBXTargetDependency */ = {
			isa = PBXTargetDependency;
			target = C1355FE719594FA9005DABED /* KaiShengHui */;
			targetProxy = C135601719594FA9005DABED /* PBXContainerItemProxy */;
		};
/* End PBXTargetDependency section */

/* Begin PBXVariantGroup section */
		C1355FF619594FA9005DABED /* InfoPlist.strings */ = {
			isa = PBXVariantGroup;
			children = (
				C1355FF719594FA9005DABED /* en */,
			);
			name = InfoPlist.strings;
			sourceTree = "<group>";
		};
		C1355FFF19594FA9005DABED /* Main.storyboard */ = {
			isa = PBXVariantGroup;
			children = (
				C135600019594FA9005DABED /* Base */,
			);
			name = Main.storyboard;
			sourceTree = "<group>";
		};
		C135601C19594FA9005DABED /* InfoPlist.strings */ = {
			isa = PBXVariantGroup;
			children = (
				C135601D19594FA9005DABED /* en */,
			);
			name = InfoPlist.strings;
			sourceTree = "<group>";
		};
/* End PBXVariantGroup section */

/* Begin XCBuildConfiguration section */
		C135602119594FA9005DABED /* Debug */ = {
			isa = XCBuildConfiguration;
			buildSettings = {
				ALWAYS_SEARCH_USER_PATHS = NO;
				CLANG_CXX_LANGUAGE_STANDARD = "gnu++0x";
				CLANG_CXX_LIBRARY = "libc++";
				CLANG_ENABLE_MODULES = YES;
				CLANG_ENABLE_OBJC_ARC = YES;
				CLANG_WARN_BOOL_CONVERSION = YES;
				CLANG_WARN_CONSTANT_CONVERSION = YES;
				CLANG_WARN_DIRECT_OBJC_ISA_USAGE = YES_ERROR;
				CLANG_WARN_EMPTY_BODY = YES;
				CLANG_WARN_ENUM_CONVERSION = YES;
				CLANG_WARN_INT_CONVERSION = YES;
				CLANG_WARN_OBJC_ROOT_CLASS = YES_ERROR;
				CLANG_WARN__DUPLICATE_METHOD_MATCH = YES;
				"CODE_SIGN_IDENTITY[sdk=iphoneos*]" = "iPhone Developer";
				COPY_PHASE_STRIP = NO;
				GCC_C_LANGUAGE_STANDARD = gnu99;
				GCC_DYNAMIC_NO_PIC = NO;
				GCC_OPTIMIZATION_LEVEL = 0;
				GCC_PREPROCESSOR_DEFINITIONS = (
					"DEBUG=1",
					"$(inherited)",
				);
				GCC_SYMBOLS_PRIVATE_EXTERN = NO;
				GCC_WARN_64_TO_32_BIT_CONVERSION = YES;
				GCC_WARN_ABOUT_RETURN_TYPE = YES_ERROR;
				GCC_WARN_UNDECLARED_SELECTOR = YES;
				GCC_WARN_UNINITIALIZED_AUTOS = YES_AGGRESSIVE;
				GCC_WARN_UNUSED_FUNCTION = YES;
				GCC_WARN_UNUSED_VARIABLE = YES;
				IPHONEOS_DEPLOYMENT_TARGET = 7.1;
				ONLY_ACTIVE_ARCH = YES;
				SDKROOT = iphoneos;
			};
			name = Debug;
		};
		C135602219594FA9005DABED /* Release */ = {
			isa = XCBuildConfiguration;
			buildSettings = {
				ALWAYS_SEARCH_USER_PATHS = NO;
				CLANG_CXX_LANGUAGE_STANDARD = "gnu++0x";
				CLANG_CXX_LIBRARY = "libc++";
				CLANG_ENABLE_MODULES = YES;
				CLANG_ENABLE_OBJC_ARC = YES;
				CLANG_WARN_BOOL_CONVERSION = YES;
				CLANG_WARN_CONSTANT_CONVERSION = YES;
				CLANG_WARN_DIRECT_OBJC_ISA_USAGE = YES_ERROR;
				CLANG_WARN_EMPTY_BODY = YES;
				CLANG_WARN_ENUM_CONVERSION = YES;
				CLANG_WARN_INT_CONVERSION = YES;
				CLANG_WARN_OBJC_ROOT_CLASS = YES_ERROR;
				CLANG_WARN__DUPLICATE_METHOD_MATCH = YES;
				"CODE_SIGN_IDENTITY[sdk=iphoneos*]" = "iPhone Developer";
				COPY_PHASE_STRIP = YES;
				ENABLE_NS_ASSERTIONS = NO;
				GCC_C_LANGUAGE_STANDARD = gnu99;
				GCC_WARN_64_TO_32_BIT_CONVERSION = YES;
				GCC_WARN_ABOUT_RETURN_TYPE = YES_ERROR;
				GCC_WARN_UNDECLARED_SELECTOR = YES;
				GCC_WARN_UNINITIALIZED_AUTOS = YES_AGGRESSIVE;
				GCC_WARN_UNUSED_FUNCTION = YES;
				GCC_WARN_UNUSED_VARIABLE = YES;
				IPHONEOS_DEPLOYMENT_TARGET = 7.1;
				SDKROOT = iphoneos;
				VALIDATE_PRODUCT = YES;
			};
			name = Release;
		};
		C135602419594FA9005DABED /* Debug */ = {
			isa = XCBuildConfiguration;
			baseConfigurationReference = 07AC7ED80DC44FFAADF56747 /* Pods.xcconfig */;
			buildSettings = {
				ASSETCATALOG_COMPILER_APPICON_NAME = AppIcon;
				ASSETCATALOG_COMPILER_LAUNCHIMAGE_NAME = LaunchImage;
				GCC_PRECOMPILE_PREFIX_HEADER = YES;
				GCC_PREFIX_HEADER = "KaiShengHui/KaiShengHui-Prefix.pch";
				INFOPLIST_FILE = "KaiShengHui/KaiShengHui-Info.plist";
				PRODUCT_NAME = "$(TARGET_NAME)";
				WRAPPER_EXTENSION = app;
			};
			name = Debug;
		};
		C135602519594FA9005DABED /* Release */ = {
			isa = XCBuildConfiguration;
			baseConfigurationReference = 07AC7ED80DC44FFAADF56747 /* Pods.xcconfig */;
			buildSettings = {
				ASSETCATALOG_COMPILER_APPICON_NAME = AppIcon;
				ASSETCATALOG_COMPILER_LAUNCHIMAGE_NAME = LaunchImage;
				GCC_PRECOMPILE_PREFIX_HEADER = YES;
				GCC_PREFIX_HEADER = "KaiShengHui/KaiShengHui-Prefix.pch";
				INFOPLIST_FILE = "KaiShengHui/KaiShengHui-Info.plist";
				PRODUCT_NAME = "$(TARGET_NAME)";
				WRAPPER_EXTENSION = app;
			};
			name = Release;
		};
		C135602719594FA9005DABED /* Debug */ = {
			isa = XCBuildConfiguration;
			buildSettings = {
				BUNDLE_LOADER = "$(BUILT_PRODUCTS_DIR)/KaiShengHui.app/KaiShengHui";
				FRAMEWORK_SEARCH_PATHS = (
					"$(SDKROOT)/Developer/Library/Frameworks",
					"$(inherited)",
					"$(DEVELOPER_FRAMEWORKS_DIR)",
				);
				GCC_PRECOMPILE_PREFIX_HEADER = YES;
				GCC_PREFIX_HEADER = "KaiShengHui/KaiShengHui-Prefix.pch";
				GCC_PREPROCESSOR_DEFINITIONS = (
					"DEBUG=1",
					"$(inherited)",
				);
				INFOPLIST_FILE = "KaiShengHuiTests/KaiShengHuiTests-Info.plist";
				PRODUCT_NAME = "$(TARGET_NAME)";
				TEST_HOST = "$(BUNDLE_LOADER)";
				WRAPPER_EXTENSION = xctest;
			};
			name = Debug;
		};
		C135602819594FA9005DABED /* Release */ = {
			isa = XCBuildConfiguration;
			buildSettings = {
				BUNDLE_LOADER = "$(BUILT_PRODUCTS_DIR)/KaiShengHui.app/KaiShengHui";
				FRAMEWORK_SEARCH_PATHS = (
					"$(SDKROOT)/Developer/Library/Frameworks",
					"$(inherited)",
					"$(DEVELOPER_FRAMEWORKS_DIR)",
				);
				GCC_PRECOMPILE_PREFIX_HEADER = YES;
				GCC_PREFIX_HEADER = "KaiShengHui/KaiShengHui-Prefix.pch";
				INFOPLIST_FILE = "KaiShengHuiTests/KaiShengHuiTests-Info.plist";
				PRODUCT_NAME = "$(TARGET_NAME)";
				TEST_HOST = "$(BUNDLE_LOADER)";
				WRAPPER_EXTENSION = xctest;
			};
			name = Release;
		};
/* End XCBuildConfiguration section */

/* Begin XCConfigurationList section */
		C1355FE319594FA9005DABED /* Build configuration list for PBXProject "KaiShengHui" */ = {
			isa = XCConfigurationList;
			buildConfigurations = (
				C135602119594FA9005DABED /* Debug */,
				C135602219594FA9005DABED /* Release */,
			);
			defaultConfigurationIsVisible = 0;
			defaultConfigurationName = Release;
		};
		C135602319594FA9005DABED /* Build configuration list for PBXNativeTarget "KaiShengHui" */ = {
			isa = XCConfigurationList;
			buildConfigurations = (
				C135602419594FA9005DABED /* Debug */,
				C135602519594FA9005DABED /* Release */,
			);
			defaultConfigurationIsVisible = 0;
			defaultConfigurationName = Release;
		};
		C135602619594FA9005DABED /* Build configuration list for PBXNativeTarget "KaiShengHuiTests" */ = {
			isa = XCConfigurationList;
			buildConfigurations = (
				C135602719594FA9005DABED /* Debug */,
				C135602819594FA9005DABED /* Release */,
			);
			defaultConfigurationIsVisible = 0;
			defaultConfigurationName = Release;
		};
/* End XCConfigurationList section */

/* Begin XCVersionGroup section */
		C135600219594FA9005DABED /* KaiShengHui.xcdatamodeld */ = {
			isa = XCVersionGroup;
			children = (
				C135600319594FA9005DABED /* KaiShengHui.xcdatamodel */,
			);
			currentVersion = C135600319594FA9005DABED /* KaiShengHui.xcdatamodel */;
			path = KaiShengHui.xcdatamodeld;
			sourceTree = "<group>";
			versionGroupType = wrapper.xcdatamodel;
		};
/* End XCVersionGroup section */
	};
	rootObject = C1355FE019594FA9005DABED /* Project object */;
}
