// !$*UTF8*$!
{
	archiveVersion = 1;
	classes = {
	};
	objectVersion = 46;
	objects = {

/* Begin PBXAggregateTarget section */
		C1E2AC8D196BE96B00B6A7AF /* Mogenerator */ = {
			isa = PBXAggregateTarget;
			buildConfigurationList = C1E2AC8E196BE96B00B6A7AF /* Build configuration list for PBXAggregateTarget "Mogenerator" */;
			buildPhases = (
				C1E2AC91196BE98800B6A7AF /* Run Script */,
			);
			dependencies = (
			);
			name = Mogenerator;
			productName = Mogenerator;
		};
/* End PBXAggregateTarget section */

/* Begin PBXBuildFile section */
		2D4CF66EF926450F920E3365 /* libPods.a in Frameworks */ = {isa = PBXBuildFile; fileRef = A7255E48F6D14CE185DFC1DE /* libPods.a */; };
		C111FECA196D50B40043E983 /* Main.storyboard in Resources */ = {isa = PBXBuildFile; fileRef = C111FEC9196D50B40043E983 /* Main.storyboard */; };
		C111FECF196D97FC0043E983 /* CoreText.framework in Frameworks */ = {isa = PBXBuildFile; fileRef = C111FECE196D97FC0043E983 /* CoreText.framework */; };
		C111FED5196E31A10043E983 /* KSHArticleDetailViewController.m in Sources */ = {isa = PBXBuildFile; fileRef = C111FED4196E31A10043E983 /* KSHArticleDetailViewController.m */; };
		C134459319738CDC003940CE /* README.md in Resources */ = {isa = PBXBuildFile; fileRef = C134459219738CDC003940CE /* README.md */; };
		C13445AA197781E7003940CE /* KSHCurrentUser.m in Sources */ = {isa = PBXBuildFile; fileRef = C13445A9197781E7003940CE /* KSHCurrentUser.m */; };
		C1355FEC19594FA9005DABED /* Foundation.framework in Frameworks */ = {isa = PBXBuildFile; fileRef = C1355FEB19594FA9005DABED /* Foundation.framework */; };
		C1355FEE19594FA9005DABED /* CoreGraphics.framework in Frameworks */ = {isa = PBXBuildFile; fileRef = C1355FED19594FA9005DABED /* CoreGraphics.framework */; };
		C1355FF019594FA9005DABED /* UIKit.framework in Frameworks */ = {isa = PBXBuildFile; fileRef = C1355FEF19594FA9005DABED /* UIKit.framework */; };
		C1355FF219594FA9005DABED /* CoreData.framework in Frameworks */ = {isa = PBXBuildFile; fileRef = C1355FF119594FA9005DABED /* CoreData.framework */; };
		C1355FF819594FA9005DABED /* InfoPlist.strings in Resources */ = {isa = PBXBuildFile; fileRef = C1355FF619594FA9005DABED /* InfoPlist.strings */; };
		C1355FFA19594FA9005DABED /* main.m in Sources */ = {isa = PBXBuildFile; fileRef = C1355FF919594FA9005DABED /* main.m */; };
		C1355FFE19594FA9005DABED /* KSHAppDelegate.m in Sources */ = {isa = PBXBuildFile; fileRef = C1355FFD19594FA9005DABED /* KSHAppDelegate.m */; };
		C135600419594FA9005DABED /* KaiShengHui.xcdatamodeld in Sources */ = {isa = PBXBuildFile; fileRef = C135600219594FA9005DABED /* KaiShengHui.xcdatamodeld */; };
		C135600C19594FA9005DABED /* Images.xcassets in Resources */ = {isa = PBXBuildFile; fileRef = C135600B19594FA9005DABED /* Images.xcassets */; };
		C135601319594FA9005DABED /* XCTest.framework in Frameworks */ = {isa = PBXBuildFile; fileRef = C135601219594FA9005DABED /* XCTest.framework */; };
		C135601419594FA9005DABED /* Foundation.framework in Frameworks */ = {isa = PBXBuildFile; fileRef = C1355FEB19594FA9005DABED /* Foundation.framework */; };
		C135601519594FA9005DABED /* UIKit.framework in Frameworks */ = {isa = PBXBuildFile; fileRef = C1355FEF19594FA9005DABED /* UIKit.framework */; };
		C135601619594FA9005DABED /* CoreData.framework in Frameworks */ = {isa = PBXBuildFile; fileRef = C1355FF119594FA9005DABED /* CoreData.framework */; };
		C135601E19594FA9005DABED /* InfoPlist.strings in Resources */ = {isa = PBXBuildFile; fileRef = C135601C19594FA9005DABED /* InfoPlist.strings */; };
		C135602019594FA9005DABED /* KaiShengHuiTests.m in Sources */ = {isa = PBXBuildFile; fileRef = C135601F19594FA9005DABED /* KaiShengHuiTests.m */; };
		C135603819595523005DABED /* KSHMappingProvider.m in Sources */ = {isa = PBXBuildFile; fileRef = C135603719595523005DABED /* KSHMappingProvider.m */; };
		C135603B19595590005DABED /* KSHObjectManager.m in Sources */ = {isa = PBXBuildFile; fileRef = C135603A19595590005DABED /* KSHObjectManager.m */; };
		C14D49A9197D470300CAA5A5 /* article.json in Resources */ = {isa = PBXBuildFile; fileRef = C14D49A8197D470300CAA5A5 /* article.json */; };
		C14D49AB197D4AE600CAA5A5 /* KSHMappingProviderTest.m in Sources */ = {isa = PBXBuildFile; fileRef = C14D49AA197D4AE600CAA5A5 /* KSHMappingProviderTest.m */; };
		C14D4A76197E6BBF00CAA5A5 /* _KSHArticle.m in Sources */ = {isa = PBXBuildFile; fileRef = C14D4A42197E6BBF00CAA5A5 /* _KSHArticle.m */; };
		C14D4A77197E6BBF00CAA5A5 /* _KSHConsultant.m in Sources */ = {isa = PBXBuildFile; fileRef = C14D4A44197E6BBF00CAA5A5 /* _KSHConsultant.m */; };
		C14D4A78197E6BBF00CAA5A5 /* _KSHConsultationProject.m in Sources */ = {isa = PBXBuildFile; fileRef = C14D4A46197E6BBF00CAA5A5 /* _KSHConsultationProject.m */; };
		C14D4A79197E6BBF00CAA5A5 /* _KSHConsultationTask.m in Sources */ = {isa = PBXBuildFile; fileRef = C14D4A48197E6BBF00CAA5A5 /* _KSHConsultationTask.m */; };
		C14D4A7A197E6BBF00CAA5A5 /* _KSHEvent.m in Sources */ = {isa = PBXBuildFile; fileRef = C14D4A4A197E6BBF00CAA5A5 /* _KSHEvent.m */; };
		C14D4A7B197E6BBF00CAA5A5 /* _KSHFeedback.m in Sources */ = {isa = PBXBuildFile; fileRef = C14D4A4C197E6BBF00CAA5A5 /* _KSHFeedback.m */; };
		C14D4A7C197E6BBF00CAA5A5 /* _KSHPost.m in Sources */ = {isa = PBXBuildFile; fileRef = C14D4A4E197E6BBF00CAA5A5 /* _KSHPost.m */; };
		C14D4A7D197E6BBF00CAA5A5 /* _KSHProfile.m in Sources */ = {isa = PBXBuildFile; fileRef = C14D4A50197E6BBF00CAA5A5 /* _KSHProfile.m */; };
		C14D4A7E197E6BBF00CAA5A5 /* _KSHProject.m in Sources */ = {isa = PBXBuildFile; fileRef = C14D4A52197E6BBF00CAA5A5 /* _KSHProject.m */; };
		C14D4A7F197E6BBF00CAA5A5 /* _KSHProjectOpportunity.m in Sources */ = {isa = PBXBuildFile; fileRef = C14D4A54197E6BBF00CAA5A5 /* _KSHProjectOpportunity.m */; };
		C14D4A80197E6BBF00CAA5A5 /* _KSHTask.m in Sources */ = {isa = PBXBuildFile; fileRef = C14D4A56197E6BBF00CAA5A5 /* _KSHTask.m */; };
		C14D4A81197E6BBF00CAA5A5 /* _KSHTopic.m in Sources */ = {isa = PBXBuildFile; fileRef = C14D4A58197E6BBF00CAA5A5 /* _KSHTopic.m */; };
		C14D4A82197E6BBF00CAA5A5 /* _KSHUser.m in Sources */ = {isa = PBXBuildFile; fileRef = C14D4A5A197E6BBF00CAA5A5 /* _KSHUser.m */; };
		C14D4A83197E6BBF00CAA5A5 /* KSHArticle.m in Sources */ = {isa = PBXBuildFile; fileRef = C14D4A5D197E6BBF00CAA5A5 /* KSHArticle.m */; };
		C14D4A84197E6BBF00CAA5A5 /* KSHConsultant.m in Sources */ = {isa = PBXBuildFile; fileRef = C14D4A5F197E6BBF00CAA5A5 /* KSHConsultant.m */; };
		C14D4A85197E6BBF00CAA5A5 /* KSHConsultationProject.m in Sources */ = {isa = PBXBuildFile; fileRef = C14D4A61197E6BBF00CAA5A5 /* KSHConsultationProject.m */; };
		C14D4A86197E6BBF00CAA5A5 /* KSHConsultationTask.m in Sources */ = {isa = PBXBuildFile; fileRef = C14D4A63197E6BBF00CAA5A5 /* KSHConsultationTask.m */; };
		C14D4A87197E6BBF00CAA5A5 /* KSHEvent.m in Sources */ = {isa = PBXBuildFile; fileRef = C14D4A65197E6BBF00CAA5A5 /* KSHEvent.m */; };
		C14D4A88197E6BBF00CAA5A5 /* KSHFeedback.m in Sources */ = {isa = PBXBuildFile; fileRef = C14D4A67197E6BBF00CAA5A5 /* KSHFeedback.m */; };
		C14D4A89197E6BBF00CAA5A5 /* KSHPost.m in Sources */ = {isa = PBXBuildFile; fileRef = C14D4A69197E6BBF00CAA5A5 /* KSHPost.m */; };
		C14D4A8A197E6BBF00CAA5A5 /* KSHProfile.m in Sources */ = {isa = PBXBuildFile; fileRef = C14D4A6B197E6BBF00CAA5A5 /* KSHProfile.m */; };
		C14D4A8B197E6BBF00CAA5A5 /* KSHProject.m in Sources */ = {isa = PBXBuildFile; fileRef = C14D4A6D197E6BBF00CAA5A5 /* KSHProject.m */; };
		C14D4A8C197E6BBF00CAA5A5 /* KSHProjectOpportunity.m in Sources */ = {isa = PBXBuildFile; fileRef = C14D4A6F197E6BBF00CAA5A5 /* KSHProjectOpportunity.m */; };
		C14D4A8D197E6BBF00CAA5A5 /* KSHTask.m in Sources */ = {isa = PBXBuildFile; fileRef = C14D4A71197E6BBF00CAA5A5 /* KSHTask.m */; };
		C14D4A8E197E6BBF00CAA5A5 /* KSHTopic.m in Sources */ = {isa = PBXBuildFile; fileRef = C14D4A73197E6BBF00CAA5A5 /* KSHTopic.m */; };
		C14D4A8F197E6BBF00CAA5A5 /* KSHUser.m in Sources */ = {isa = PBXBuildFile; fileRef = C14D4A75197E6BBF00CAA5A5 /* KSHUser.m */; };
		C150B7C3198894030069B0DB /* KSHSplitButtonView.m in Sources */ = {isa = PBXBuildFile; fileRef = C150B7C2198894030069B0DB /* KSHSplitButtonView.m */; };
		C1560938197CE34500FB4677 /* ksh-default.jpg in Resources */ = {isa = PBXBuildFile; fileRef = C1560937197CE34500FB4677 /* ksh-default.jpg */; };
		C182851A196679210080F2DD /* KSHMessage.m in Sources */ = {isa = PBXBuildFile; fileRef = C1828519196679210080F2DD /* KSHMessage.m */; };
		C1CAA141197F8A2D003EA341 /* KSHEventTableViewController.m in Sources */ = {isa = PBXBuildFile; fileRef = C1CAA140197F8A2D003EA341 /* KSHEventTableViewController.m */; };
		C1CAA144197F8A3D003EA341 /* KSHProjectTableViewController.m in Sources */ = {isa = PBXBuildFile; fileRef = C1CAA143197F8A3D003EA341 /* KSHProjectTableViewController.m */; };
		C1CAA149197F8E15003EA341 /* KSHEventManager.m in Sources */ = {isa = PBXBuildFile; fileRef = C1CAA148197F8E15003EA341 /* KSHEventManager.m */; };
		C1CAA14C197F8E23003EA341 /* KSHProjectOpportunityManager.m in Sources */ = {isa = PBXBuildFile; fileRef = C1CAA14B197F8E23003EA341 /* KSHProjectOpportunityManager.m */; };
		C1CAA14F197F8EF8003EA341 /* KSHEntityTableViewController.m in Sources */ = {isa = PBXBuildFile; fileRef = C1CAA14E197F8EF8003EA341 /* KSHEntityTableViewController.m */; };
		C1CAA152197FA173003EA341 /* KSHProjectDetailViewController.m in Sources */ = {isa = PBXBuildFile; fileRef = C1CAA151197FA173003EA341 /* KSHProjectDetailViewController.m */; };
		C1CAA156197FA70E003EA341 /* KSHEventDetailViewController.m in Sources */ = {isa = PBXBuildFile; fileRef = C1CAA155197FA70E003EA341 /* KSHEventDetailViewController.m */; };
		C1CAA159197FB505003EA341 /* KSHLandingViewController.m in Sources */ = {isa = PBXBuildFile; fileRef = C1CAA158197FB505003EA341 /* KSHLandingViewController.m */; };
		C1E2AC7F196BC70D00B6A7AF /* KSHUserDefaultsHelper.m in Sources */ = {isa = PBXBuildFile; fileRef = C1E2AC7E196BC70D00B6A7AF /* KSHUserDefaultsHelper.m */; };
		C1EDDEC81980EE01004AE85A /* KSHContentTableViewCell.m in Sources */ = {isa = PBXBuildFile; fileRef = C1EDDEC71980EE01004AE85A /* KSHContentTableViewCell.m */; };
		C1EDDECB198202DA004AE85A /* KSHEntityDetailViewController.m in Sources */ = {isa = PBXBuildFile; fileRef = C1EDDECA198202DA004AE85A /* KSHEntityDetailViewController.m */; };
		C1EDDECE1982038B004AE85A /* KSHArticleTableViewCell.m in Sources */ = {isa = PBXBuildFile; fileRef = C1EDDECD1982038B004AE85A /* KSHArticleTableViewCell.m */; };
		C1EDDEDB19822C46004AE85A /* KSHSettingsTableViewController.m in Sources */ = {isa = PBXBuildFile; fileRef = C1EDDEDA19822C46004AE85A /* KSHSettingsTableViewController.m */; };
		C1EDDEDE198231C5004AE85A /* KSHWebViewController.m in Sources */ = {isa = PBXBuildFile; fileRef = C1EDDEDD198231C5004AE85A /* KSHWebViewController.m */; };
		C1EDDEE119823A3C004AE85A /* KSHMyKSHTableViewController.m in Sources */ = {isa = PBXBuildFile; fileRef = C1EDDEE019823A3C004AE85A /* KSHMyKSHTableViewController.m */; };
		C1EDDEE719824050004AE85A /* KSHMyKSHTableViewCell.m in Sources */ = {isa = PBXBuildFile; fileRef = C1EDDEE619824050004AE85A /* KSHMyKSHTableViewCell.m */; };
		C1EDDEEE1985EC43004AE85A /* event-icon.png in Resources */ = {isa = PBXBuildFile; fileRef = C1EDDEEA1985EC43004AE85A /* event-icon.png */; };
		C1EDDEEF1985EC43004AE85A /* news-icon.png in Resources */ = {isa = PBXBuildFile; fileRef = C1EDDEEB1985EC43004AE85A /* news-icon.png */; };
		C1EDDEF31985F18D004AE85A /* myksh-icon.png in Resources */ = {isa = PBXBuildFile; fileRef = C1EDDEF11985F18D004AE85A /* myksh-icon.png */; };
		C1EDDEF41985F18D004AE85A /* project-icon.png in Resources */ = {isa = PBXBuildFile; fileRef = C1EDDEF21985F18D004AE85A /* project-icon.png */; };
		C1EDDEF919861893004AE85A /* star-deselected-icon.png in Resources */ = {isa = PBXBuildFile; fileRef = C1EDDEF719861893004AE85A /* star-deselected-icon.png */; };
		C1EDDEFA19861893004AE85A /* star-selected-icon.png in Resources */ = {isa = PBXBuildFile; fileRef = C1EDDEF819861893004AE85A /* star-selected-icon.png */; };
		C1EDDF001986256E004AE85A /* coin-icon-blk.png in Resources */ = {isa = PBXBuildFile; fileRef = C1EDDEFB1986256E004AE85A /* coin-icon-blk.png */; };
		C1EDDF011986256E004AE85A /* coin-icon-wht.png in Resources */ = {isa = PBXBuildFile; fileRef = C1EDDEFC1986256E004AE85A /* coin-icon-wht.png */; };
		C1EDDF07198625B8004AE85A /* share-icon-blk.png in Resources */ = {isa = PBXBuildFile; fileRef = C1EDDF05198625B8004AE85A /* share-icon-blk.png */; };
		C1EDDF08198625B8004AE85A /* share-icon-wht.png in Resources */ = {isa = PBXBuildFile; fileRef = C1EDDF06198625B8004AE85A /* share-icon-wht.png */; };
		C1EDDF0D1986280A004AE85A /* arrow-down-icon-blk.png in Resources */ = {isa = PBXBuildFile; fileRef = C1EDDF091986280A004AE85A /* arrow-down-icon-blk.png */; };
		C1EDDF0E1986280A004AE85A /* arrow-down-icon-wht.png in Resources */ = {isa = PBXBuildFile; fileRef = C1EDDF0A1986280A004AE85A /* arrow-down-icon-wht.png */; };
		C1EDDF0F1986280A004AE85A /* arrow-up-icon-blk.png in Resources */ = {isa = PBXBuildFile; fileRef = C1EDDF0B1986280A004AE85A /* arrow-up-icon-blk.png */; };
		C1EDDF101986280A004AE85A /* arrow-up-icon-wht.png in Resources */ = {isa = PBXBuildFile; fileRef = C1EDDF0C1986280A004AE85A /* arrow-up-icon-wht.png */; };
		C1EDDF1E198750F9004AE85A /* KSHHomescreenNavigationBar.m in Sources */ = {isa = PBXBuildFile; fileRef = C1EDDF1D198750F9004AE85A /* KSHHomescreenNavigationBar.m */; };
		C1EDDF2119875249004AE85A /* KSHHomescreenTableViewController.m in Sources */ = {isa = PBXBuildFile; fileRef = C1EDDF2019875249004AE85A /* KSHHomescreenTableViewController.m */; };
		C1EDDF241987580D004AE85A /* KSHMenuTableViewCell.m in Sources */ = {isa = PBXBuildFile; fileRef = C1EDDF231987580D004AE85A /* KSHMenuTableViewCell.m */; };
		C1EDDF2619877456004AE85A /* help-icon.png in Resources */ = {isa = PBXBuildFile; fileRef = C1EDDF2519877456004AE85A /* help-icon.png */; };
		C1EDDF291987A4FC004AE85A /* favorites-icon.png in Resources */ = {isa = PBXBuildFile; fileRef = C1EDDF271987A4FC004AE85A /* favorites-icon.png */; };
		C1EDDF2A1987A4FC004AE85A /* home-icon.png in Resources */ = {isa = PBXBuildFile; fileRef = C1EDDF281987A4FC004AE85A /* home-icon.png */; };
		C1F6FF8519596350006EE5F7 /* KSHUserManager.m in Sources */ = {isa = PBXBuildFile; fileRef = C1F6FF8419596350006EE5F7 /* KSHUserManager.m */; };
		C1F6FF881959635E006EE5F7 /* KSHArticleManager.m in Sources */ = {isa = PBXBuildFile; fileRef = C1F6FF871959635E006EE5F7 /* KSHArticleManager.m */; };
		C1F6FF9919597E0E006EE5F7 /* KSHArticleTableViewController.m in Sources */ = {isa = PBXBuildFile; fileRef = C1F6FF9819597E0E006EE5F7 /* KSHArticleTableViewController.m */; };
		C1F87B95195D3EAA00DD300D /* KSHUserProfileTableViewController.m in Sources */ = {isa = PBXBuildFile; fileRef = C1F87B94195D3EAA00DD300D /* KSHUserProfileTableViewController.m */; };
		C1F87B9C195D3F0900DD300D /* KSHLoginViewController.m in Sources */ = {isa = PBXBuildFile; fileRef = C1F87B9B195D3F0900DD300D /* KSHLoginViewController.m */; };
/* End PBXBuildFile section */

/* Begin PBXContainerItemProxy section */
		C135601719594FA9005DABED /* PBXContainerItemProxy */ = {
			isa = PBXContainerItemProxy;
			containerPortal = C1355FE019594FA9005DABED /* Project object */;
			proxyType = 1;
			remoteGlobalIDString = C1355FE719594FA9005DABED;
			remoteInfo = KaiShengHui;
		};
		C1E2ACC1196BEFE100B6A7AF /* PBXContainerItemProxy */ = {
			isa = PBXContainerItemProxy;
			containerPortal = C1355FE019594FA9005DABED /* Project object */;
			proxyType = 1;
			remoteGlobalIDString = C1E2AC8D196BE96B00B6A7AF;
			remoteInfo = Mogenerator;
		};
/* End PBXContainerItemProxy section */

/* Begin PBXFileReference section */
		07AC7ED80DC44FFAADF56747 /* Pods.xcconfig */ = {isa = PBXFileReference; includeInIndex = 1; lastKnownFileType = text.xcconfig; name = Pods.xcconfig; path = Pods/Pods.xcconfig; sourceTree = "<group>"; };
		A7255E48F6D14CE185DFC1DE /* libPods.a */ = {isa = PBXFileReference; explicitFileType = archive.ar; includeInIndex = 0; path = libPods.a; sourceTree = BUILT_PRODUCTS_DIR; };
		C111FEC9196D50B40043E983 /* Main.storyboard */ = {isa = PBXFileReference; fileEncoding = 4; lastKnownFileType = file.storyboard; path = Main.storyboard; sourceTree = "<group>"; };
		C111FECE196D97FC0043E983 /* CoreText.framework */ = {isa = PBXFileReference; lastKnownFileType = wrapper.framework; name = CoreText.framework; path = System/Library/Frameworks/CoreText.framework; sourceTree = SDKROOT; };
		C111FED3196E31A10043E983 /* KSHArticleDetailViewController.h */ = {isa = PBXFileReference; fileEncoding = 4; lastKnownFileType = sourcecode.c.h; path = KSHArticleDetailViewController.h; sourceTree = "<group>"; };
		C111FED4196E31A10043E983 /* KSHArticleDetailViewController.m */ = {isa = PBXFileReference; fileEncoding = 4; lastKnownFileType = sourcecode.c.objc; path = KSHArticleDetailViewController.m; sourceTree = "<group>"; };
		C134459219738CDC003940CE /* README.md */ = {isa = PBXFileReference; fileEncoding = 4; lastKnownFileType = text; path = README.md; sourceTree = SOURCE_ROOT; };
		C13445A8197781E7003940CE /* KSHCurrentUser.h */ = {isa = PBXFileReference; fileEncoding = 4; lastKnownFileType = sourcecode.c.h; path = KSHCurrentUser.h; sourceTree = "<group>"; };
		C13445A9197781E7003940CE /* KSHCurrentUser.m */ = {isa = PBXFileReference; fileEncoding = 4; lastKnownFileType = sourcecode.c.objc; path = KSHCurrentUser.m; sourceTree = "<group>"; };
		C1355FE819594FA9005DABED /* KaiShengHui.app */ = {isa = PBXFileReference; explicitFileType = wrapper.application; includeInIndex = 0; path = KaiShengHui.app; sourceTree = BUILT_PRODUCTS_DIR; };
		C1355FEB19594FA9005DABED /* Foundation.framework */ = {isa = PBXFileReference; lastKnownFileType = wrapper.framework; name = Foundation.framework; path = System/Library/Frameworks/Foundation.framework; sourceTree = SDKROOT; };
		C1355FED19594FA9005DABED /* CoreGraphics.framework */ = {isa = PBXFileReference; lastKnownFileType = wrapper.framework; name = CoreGraphics.framework; path = System/Library/Frameworks/CoreGraphics.framework; sourceTree = SDKROOT; };
		C1355FEF19594FA9005DABED /* UIKit.framework */ = {isa = PBXFileReference; lastKnownFileType = wrapper.framework; name = UIKit.framework; path = System/Library/Frameworks/UIKit.framework; sourceTree = SDKROOT; };
		C1355FF119594FA9005DABED /* CoreData.framework */ = {isa = PBXFileReference; lastKnownFileType = wrapper.framework; name = CoreData.framework; path = System/Library/Frameworks/CoreData.framework; sourceTree = SDKROOT; };
		C1355FF519594FA9005DABED /* KaiShengHui-Info.plist */ = {isa = PBXFileReference; lastKnownFileType = text.plist.xml; path = "KaiShengHui-Info.plist"; sourceTree = "<group>"; };
		C1355FF719594FA9005DABED /* en */ = {isa = PBXFileReference; lastKnownFileType = text.plist.strings; name = en; path = en.lproj/InfoPlist.strings; sourceTree = "<group>"; };
		C1355FF919594FA9005DABED /* main.m */ = {isa = PBXFileReference; lastKnownFileType = sourcecode.c.objc; path = main.m; sourceTree = "<group>"; };
		C1355FFB19594FA9005DABED /* KaiShengHui-Prefix.pch */ = {isa = PBXFileReference; lastKnownFileType = sourcecode.c.h; path = "KaiShengHui-Prefix.pch"; sourceTree = "<group>"; };
		C1355FFC19594FA9005DABED /* KSHAppDelegate.h */ = {isa = PBXFileReference; lastKnownFileType = sourcecode.c.h; path = KSHAppDelegate.h; sourceTree = "<group>"; };
		C1355FFD19594FA9005DABED /* KSHAppDelegate.m */ = {isa = PBXFileReference; lastKnownFileType = sourcecode.c.objc; path = KSHAppDelegate.m; sourceTree = "<group>"; };
		C135600319594FA9005DABED /* KaiShengHui.xcdatamodel */ = {isa = PBXFileReference; lastKnownFileType = wrapper.xcdatamodel; path = KaiShengHui.xcdatamodel; sourceTree = "<group>"; };
		C135600B19594FA9005DABED /* Images.xcassets */ = {isa = PBXFileReference; lastKnownFileType = folder.assetcatalog; path = Images.xcassets; sourceTree = "<group>"; };
		C135601119594FA9005DABED /* KaiShengHuiTests.xctest */ = {isa = PBXFileReference; explicitFileType = wrapper.cfbundle; includeInIndex = 0; path = KaiShengHuiTests.xctest; sourceTree = BUILT_PRODUCTS_DIR; };
		C135601219594FA9005DABED /* XCTest.framework */ = {isa = PBXFileReference; lastKnownFileType = wrapper.framework; name = XCTest.framework; path = Library/Frameworks/XCTest.framework; sourceTree = DEVELOPER_DIR; };
		C135601B19594FA9005DABED /* KaiShengHuiTests-Info.plist */ = {isa = PBXFileReference; lastKnownFileType = text.plist.xml; path = "KaiShengHuiTests-Info.plist"; sourceTree = "<group>"; };
		C135601D19594FA9005DABED /* en */ = {isa = PBXFileReference; lastKnownFileType = text.plist.strings; name = en; path = en.lproj/InfoPlist.strings; sourceTree = "<group>"; };
		C135601F19594FA9005DABED /* KaiShengHuiTests.m */ = {isa = PBXFileReference; lastKnownFileType = sourcecode.c.objc; path = KaiShengHuiTests.m; sourceTree = "<group>"; };
		C135603619595523005DABED /* KSHMappingProvider.h */ = {isa = PBXFileReference; fileEncoding = 4; lastKnownFileType = sourcecode.c.h; path = KSHMappingProvider.h; sourceTree = "<group>"; };
		C135603719595523005DABED /* KSHMappingProvider.m */ = {isa = PBXFileReference; fileEncoding = 4; lastKnownFileType = sourcecode.c.objc; path = KSHMappingProvider.m; sourceTree = "<group>"; };
		C135603919595590005DABED /* KSHObjectManager.h */ = {isa = PBXFileReference; fileEncoding = 4; lastKnownFileType = sourcecode.c.h; path = KSHObjectManager.h; sourceTree = "<group>"; };
		C135603A19595590005DABED /* KSHObjectManager.m */ = {isa = PBXFileReference; fileEncoding = 4; lastKnownFileType = sourcecode.c.objc; path = KSHObjectManager.m; sourceTree = "<group>"; };
		C14D49A8197D470300CAA5A5 /* article.json */ = {isa = PBXFileReference; fileEncoding = 4; lastKnownFileType = text.json; path = article.json; sourceTree = "<group>"; };
		C14D49AA197D4AE600CAA5A5 /* KSHMappingProviderTest.m */ = {isa = PBXFileReference; fileEncoding = 4; lastKnownFileType = sourcecode.c.objc; path = KSHMappingProviderTest.m; sourceTree = "<group>"; };
		C14D4A3B197E645F00CAA5A5 /* KaiShengHui1.0.0.xcdatamodel */ = {isa = PBXFileReference; lastKnownFileType = wrapper.xcdatamodel; path = KaiShengHui1.0.0.xcdatamodel; sourceTree = "<group>"; };
		C14D4A41197E6BBF00CAA5A5 /* _KSHArticle.h */ = {isa = PBXFileReference; fileEncoding = 4; lastKnownFileType = sourcecode.c.h; path = _KSHArticle.h; sourceTree = "<group>"; };
		C14D4A42197E6BBF00CAA5A5 /* _KSHArticle.m */ = {isa = PBXFileReference; fileEncoding = 4; lastKnownFileType = sourcecode.c.objc; path = _KSHArticle.m; sourceTree = "<group>"; };
		C14D4A43197E6BBF00CAA5A5 /* _KSHConsultant.h */ = {isa = PBXFileReference; fileEncoding = 4; lastKnownFileType = sourcecode.c.h; path = _KSHConsultant.h; sourceTree = "<group>"; };
		C14D4A44197E6BBF00CAA5A5 /* _KSHConsultant.m */ = {isa = PBXFileReference; fileEncoding = 4; lastKnownFileType = sourcecode.c.objc; path = _KSHConsultant.m; sourceTree = "<group>"; };
		C14D4A45197E6BBF00CAA5A5 /* _KSHConsultationProject.h */ = {isa = PBXFileReference; fileEncoding = 4; lastKnownFileType = sourcecode.c.h; path = _KSHConsultationProject.h; sourceTree = "<group>"; };
		C14D4A46197E6BBF00CAA5A5 /* _KSHConsultationProject.m */ = {isa = PBXFileReference; fileEncoding = 4; lastKnownFileType = sourcecode.c.objc; path = _KSHConsultationProject.m; sourceTree = "<group>"; };
		C14D4A47197E6BBF00CAA5A5 /* _KSHConsultationTask.h */ = {isa = PBXFileReference; fileEncoding = 4; lastKnownFileType = sourcecode.c.h; path = _KSHConsultationTask.h; sourceTree = "<group>"; };
		C14D4A48197E6BBF00CAA5A5 /* _KSHConsultationTask.m */ = {isa = PBXFileReference; fileEncoding = 4; lastKnownFileType = sourcecode.c.objc; path = _KSHConsultationTask.m; sourceTree = "<group>"; };
		C14D4A49197E6BBF00CAA5A5 /* _KSHEvent.h */ = {isa = PBXFileReference; fileEncoding = 4; lastKnownFileType = sourcecode.c.h; path = _KSHEvent.h; sourceTree = "<group>"; };
		C14D4A4A197E6BBF00CAA5A5 /* _KSHEvent.m */ = {isa = PBXFileReference; fileEncoding = 4; lastKnownFileType = sourcecode.c.objc; path = _KSHEvent.m; sourceTree = "<group>"; };
		C14D4A4B197E6BBF00CAA5A5 /* _KSHFeedback.h */ = {isa = PBXFileReference; fileEncoding = 4; lastKnownFileType = sourcecode.c.h; path = _KSHFeedback.h; sourceTree = "<group>"; };
		C14D4A4C197E6BBF00CAA5A5 /* _KSHFeedback.m */ = {isa = PBXFileReference; fileEncoding = 4; lastKnownFileType = sourcecode.c.objc; path = _KSHFeedback.m; sourceTree = "<group>"; };
		C14D4A4D197E6BBF00CAA5A5 /* _KSHPost.h */ = {isa = PBXFileReference; fileEncoding = 4; lastKnownFileType = sourcecode.c.h; path = _KSHPost.h; sourceTree = "<group>"; };
		C14D4A4E197E6BBF00CAA5A5 /* _KSHPost.m */ = {isa = PBXFileReference; fileEncoding = 4; lastKnownFileType = sourcecode.c.objc; path = _KSHPost.m; sourceTree = "<group>"; };
		C14D4A4F197E6BBF00CAA5A5 /* _KSHProfile.h */ = {isa = PBXFileReference; fileEncoding = 4; lastKnownFileType = sourcecode.c.h; path = _KSHProfile.h; sourceTree = "<group>"; };
		C14D4A50197E6BBF00CAA5A5 /* _KSHProfile.m */ = {isa = PBXFileReference; fileEncoding = 4; lastKnownFileType = sourcecode.c.objc; path = _KSHProfile.m; sourceTree = "<group>"; };
		C14D4A51197E6BBF00CAA5A5 /* _KSHProject.h */ = {isa = PBXFileReference; fileEncoding = 4; lastKnownFileType = sourcecode.c.h; path = _KSHProject.h; sourceTree = "<group>"; };
		C14D4A52197E6BBF00CAA5A5 /* _KSHProject.m */ = {isa = PBXFileReference; fileEncoding = 4; lastKnownFileType = sourcecode.c.objc; path = _KSHProject.m; sourceTree = "<group>"; };
		C14D4A53197E6BBF00CAA5A5 /* _KSHProjectOpportunity.h */ = {isa = PBXFileReference; fileEncoding = 4; lastKnownFileType = sourcecode.c.h; path = _KSHProjectOpportunity.h; sourceTree = "<group>"; };
		C14D4A54197E6BBF00CAA5A5 /* _KSHProjectOpportunity.m */ = {isa = PBXFileReference; fileEncoding = 4; lastKnownFileType = sourcecode.c.objc; path = _KSHProjectOpportunity.m; sourceTree = "<group>"; };
		C14D4A55197E6BBF00CAA5A5 /* _KSHTask.h */ = {isa = PBXFileReference; fileEncoding = 4; lastKnownFileType = sourcecode.c.h; path = _KSHTask.h; sourceTree = "<group>"; };
		C14D4A56197E6BBF00CAA5A5 /* _KSHTask.m */ = {isa = PBXFileReference; fileEncoding = 4; lastKnownFileType = sourcecode.c.objc; path = _KSHTask.m; sourceTree = "<group>"; };
		C14D4A57197E6BBF00CAA5A5 /* _KSHTopic.h */ = {isa = PBXFileReference; fileEncoding = 4; lastKnownFileType = sourcecode.c.h; path = _KSHTopic.h; sourceTree = "<group>"; };
		C14D4A58197E6BBF00CAA5A5 /* _KSHTopic.m */ = {isa = PBXFileReference; fileEncoding = 4; lastKnownFileType = sourcecode.c.objc; path = _KSHTopic.m; sourceTree = "<group>"; };
		C14D4A59197E6BBF00CAA5A5 /* _KSHUser.h */ = {isa = PBXFileReference; fileEncoding = 4; lastKnownFileType = sourcecode.c.h; path = _KSHUser.h; sourceTree = "<group>"; };
		C14D4A5A197E6BBF00CAA5A5 /* _KSHUser.m */ = {isa = PBXFileReference; fileEncoding = 4; lastKnownFileType = sourcecode.c.objc; path = _KSHUser.m; sourceTree = "<group>"; };
		C14D4A5C197E6BBF00CAA5A5 /* KSHArticle.h */ = {isa = PBXFileReference; fileEncoding = 4; lastKnownFileType = sourcecode.c.h; path = KSHArticle.h; sourceTree = "<group>"; };
		C14D4A5D197E6BBF00CAA5A5 /* KSHArticle.m */ = {isa = PBXFileReference; fileEncoding = 4; lastKnownFileType = sourcecode.c.objc; path = KSHArticle.m; sourceTree = "<group>"; };
		C14D4A5E197E6BBF00CAA5A5 /* KSHConsultant.h */ = {isa = PBXFileReference; fileEncoding = 4; lastKnownFileType = sourcecode.c.h; path = KSHConsultant.h; sourceTree = "<group>"; };
		C14D4A5F197E6BBF00CAA5A5 /* KSHConsultant.m */ = {isa = PBXFileReference; fileEncoding = 4; lastKnownFileType = sourcecode.c.objc; path = KSHConsultant.m; sourceTree = "<group>"; };
		C14D4A60197E6BBF00CAA5A5 /* KSHConsultationProject.h */ = {isa = PBXFileReference; fileEncoding = 4; lastKnownFileType = sourcecode.c.h; path = KSHConsultationProject.h; sourceTree = "<group>"; };
		C14D4A61197E6BBF00CAA5A5 /* KSHConsultationProject.m */ = {isa = PBXFileReference; fileEncoding = 4; lastKnownFileType = sourcecode.c.objc; path = KSHConsultationProject.m; sourceTree = "<group>"; };
		C14D4A62197E6BBF00CAA5A5 /* KSHConsultationTask.h */ = {isa = PBXFileReference; fileEncoding = 4; lastKnownFileType = sourcecode.c.h; path = KSHConsultationTask.h; sourceTree = "<group>"; };
		C14D4A63197E6BBF00CAA5A5 /* KSHConsultationTask.m */ = {isa = PBXFileReference; fileEncoding = 4; lastKnownFileType = sourcecode.c.objc; path = KSHConsultationTask.m; sourceTree = "<group>"; };
		C14D4A64197E6BBF00CAA5A5 /* KSHEvent.h */ = {isa = PBXFileReference; fileEncoding = 4; lastKnownFileType = sourcecode.c.h; path = KSHEvent.h; sourceTree = "<group>"; };
		C14D4A65197E6BBF00CAA5A5 /* KSHEvent.m */ = {isa = PBXFileReference; fileEncoding = 4; lastKnownFileType = sourcecode.c.objc; path = KSHEvent.m; sourceTree = "<group>"; };
		C14D4A66197E6BBF00CAA5A5 /* KSHFeedback.h */ = {isa = PBXFileReference; fileEncoding = 4; lastKnownFileType = sourcecode.c.h; path = KSHFeedback.h; sourceTree = "<group>"; };
		C14D4A67197E6BBF00CAA5A5 /* KSHFeedback.m */ = {isa = PBXFileReference; fileEncoding = 4; lastKnownFileType = sourcecode.c.objc; path = KSHFeedback.m; sourceTree = "<group>"; };
		C14D4A68197E6BBF00CAA5A5 /* KSHPost.h */ = {isa = PBXFileReference; fileEncoding = 4; lastKnownFileType = sourcecode.c.h; path = KSHPost.h; sourceTree = "<group>"; };
		C14D4A69197E6BBF00CAA5A5 /* KSHPost.m */ = {isa = PBXFileReference; fileEncoding = 4; lastKnownFileType = sourcecode.c.objc; path = KSHPost.m; sourceTree = "<group>"; };
		C14D4A6A197E6BBF00CAA5A5 /* KSHProfile.h */ = {isa = PBXFileReference; fileEncoding = 4; lastKnownFileType = sourcecode.c.h; path = KSHProfile.h; sourceTree = "<group>"; };
		C14D4A6B197E6BBF00CAA5A5 /* KSHProfile.m */ = {isa = PBXFileReference; fileEncoding = 4; lastKnownFileType = sourcecode.c.objc; path = KSHProfile.m; sourceTree = "<group>"; };
		C14D4A6C197E6BBF00CAA5A5 /* KSHProject.h */ = {isa = PBXFileReference; fileEncoding = 4; lastKnownFileType = sourcecode.c.h; path = KSHProject.h; sourceTree = "<group>"; };
		C14D4A6D197E6BBF00CAA5A5 /* KSHProject.m */ = {isa = PBXFileReference; fileEncoding = 4; lastKnownFileType = sourcecode.c.objc; path = KSHProject.m; sourceTree = "<group>"; };
		C14D4A6E197E6BBF00CAA5A5 /* KSHProjectOpportunity.h */ = {isa = PBXFileReference; fileEncoding = 4; lastKnownFileType = sourcecode.c.h; path = KSHProjectOpportunity.h; sourceTree = "<group>"; };
		C14D4A6F197E6BBF00CAA5A5 /* KSHProjectOpportunity.m */ = {isa = PBXFileReference; fileEncoding = 4; lastKnownFileType = sourcecode.c.objc; path = KSHProjectOpportunity.m; sourceTree = "<group>"; };
		C14D4A70197E6BBF00CAA5A5 /* KSHTask.h */ = {isa = PBXFileReference; fileEncoding = 4; lastKnownFileType = sourcecode.c.h; path = KSHTask.h; sourceTree = "<group>"; };
		C14D4A71197E6BBF00CAA5A5 /* KSHTask.m */ = {isa = PBXFileReference; fileEncoding = 4; lastKnownFileType = sourcecode.c.objc; path = KSHTask.m; sourceTree = "<group>"; };
		C14D4A72197E6BBF00CAA5A5 /* KSHTopic.h */ = {isa = PBXFileReference; fileEncoding = 4; lastKnownFileType = sourcecode.c.h; path = KSHTopic.h; sourceTree = "<group>"; };
		C14D4A73197E6BBF00CAA5A5 /* KSHTopic.m */ = {isa = PBXFileReference; fileEncoding = 4; lastKnownFileType = sourcecode.c.objc; path = KSHTopic.m; sourceTree = "<group>"; };
		C14D4A74197E6BBF00CAA5A5 /* KSHUser.h */ = {isa = PBXFileReference; fileEncoding = 4; lastKnownFileType = sourcecode.c.h; path = KSHUser.h; sourceTree = "<group>"; };
		C14D4A75197E6BBF00CAA5A5 /* KSHUser.m */ = {isa = PBXFileReference; fileEncoding = 4; lastKnownFileType = sourcecode.c.objc; path = KSHUser.m; sourceTree = "<group>"; };
		C150B7C1198894030069B0DB /* KSHSplitButtonView.h */ = {isa = PBXFileReference; fileEncoding = 4; lastKnownFileType = sourcecode.c.h; path = KSHSplitButtonView.h; sourceTree = "<group>"; };
		C150B7C2198894030069B0DB /* KSHSplitButtonView.m */ = {isa = PBXFileReference; fileEncoding = 4; lastKnownFileType = sourcecode.c.objc; path = KSHSplitButtonView.m; sourceTree = "<group>"; };
		C1560937197CE34500FB4677 /* ksh-default.jpg */ = {isa = PBXFileReference; lastKnownFileType = image.jpeg; path = "ksh-default.jpg"; sourceTree = "<group>"; };
		C1828518196679210080F2DD /* KSHMessage.h */ = {isa = PBXFileReference; fileEncoding = 4; lastKnownFileType = sourcecode.c.h; path = KSHMessage.h; sourceTree = "<group>"; };
		C1828519196679210080F2DD /* KSHMessage.m */ = {isa = PBXFileReference; fileEncoding = 4; lastKnownFileType = sourcecode.c.objc; path = KSHMessage.m; sourceTree = "<group>"; };
		C1CAA13F197F8A2D003EA341 /* KSHEventTableViewController.h */ = {isa = PBXFileReference; fileEncoding = 4; lastKnownFileType = sourcecode.c.h; path = KSHEventTableViewController.h; sourceTree = "<group>"; };
		C1CAA140197F8A2D003EA341 /* KSHEventTableViewController.m */ = {isa = PBXFileReference; fileEncoding = 4; lastKnownFileType = sourcecode.c.objc; path = KSHEventTableViewController.m; sourceTree = "<group>"; };
		C1CAA142197F8A3D003EA341 /* KSHProjectTableViewController.h */ = {isa = PBXFileReference; fileEncoding = 4; lastKnownFileType = sourcecode.c.h; path = KSHProjectTableViewController.h; sourceTree = "<group>"; };
		C1CAA143197F8A3D003EA341 /* KSHProjectTableViewController.m */ = {isa = PBXFileReference; fileEncoding = 4; lastKnownFileType = sourcecode.c.objc; path = KSHProjectTableViewController.m; sourceTree = "<group>"; };
		C1CAA147197F8E15003EA341 /* KSHEventManager.h */ = {isa = PBXFileReference; fileEncoding = 4; lastKnownFileType = sourcecode.c.h; path = KSHEventManager.h; sourceTree = "<group>"; };
		C1CAA148197F8E15003EA341 /* KSHEventManager.m */ = {isa = PBXFileReference; fileEncoding = 4; lastKnownFileType = sourcecode.c.objc; path = KSHEventManager.m; sourceTree = "<group>"; };
		C1CAA14A197F8E23003EA341 /* KSHProjectOpportunityManager.h */ = {isa = PBXFileReference; fileEncoding = 4; lastKnownFileType = sourcecode.c.h; path = KSHProjectOpportunityManager.h; sourceTree = "<group>"; };
		C1CAA14B197F8E23003EA341 /* KSHProjectOpportunityManager.m */ = {isa = PBXFileReference; fileEncoding = 4; lastKnownFileType = sourcecode.c.objc; path = KSHProjectOpportunityManager.m; sourceTree = "<group>"; };
		C1CAA14D197F8EF8003EA341 /* KSHEntityTableViewController.h */ = {isa = PBXFileReference; fileEncoding = 4; lastKnownFileType = sourcecode.c.h; path = KSHEntityTableViewController.h; sourceTree = "<group>"; };
		C1CAA14E197F8EF8003EA341 /* KSHEntityTableViewController.m */ = {isa = PBXFileReference; fileEncoding = 4; lastKnownFileType = sourcecode.c.objc; path = KSHEntityTableViewController.m; sourceTree = "<group>"; };
		C1CAA150197FA173003EA341 /* KSHProjectDetailViewController.h */ = {isa = PBXFileReference; fileEncoding = 4; lastKnownFileType = sourcecode.c.h; path = KSHProjectDetailViewController.h; sourceTree = "<group>"; };
		C1CAA151197FA173003EA341 /* KSHProjectDetailViewController.m */ = {isa = PBXFileReference; fileEncoding = 4; lastKnownFileType = sourcecode.c.objc; path = KSHProjectDetailViewController.m; sourceTree = "<group>"; };
		C1CAA154197FA70E003EA341 /* KSHEventDetailViewController.h */ = {isa = PBXFileReference; fileEncoding = 4; lastKnownFileType = sourcecode.c.h; path = KSHEventDetailViewController.h; sourceTree = "<group>"; };
		C1CAA155197FA70E003EA341 /* KSHEventDetailViewController.m */ = {isa = PBXFileReference; fileEncoding = 4; lastKnownFileType = sourcecode.c.objc; path = KSHEventDetailViewController.m; sourceTree = "<group>"; };
		C1CAA157197FB505003EA341 /* KSHLandingViewController.h */ = {isa = PBXFileReference; fileEncoding = 4; lastKnownFileType = sourcecode.c.h; path = KSHLandingViewController.h; sourceTree = "<group>"; };
		C1CAA158197FB505003EA341 /* KSHLandingViewController.m */ = {isa = PBXFileReference; fileEncoding = 4; lastKnownFileType = sourcecode.c.objc; path = KSHLandingViewController.m; sourceTree = "<group>"; };
		C1E2AC7D196BC70D00B6A7AF /* KSHUserDefaultsHelper.h */ = {isa = PBXFileReference; fileEncoding = 4; lastKnownFileType = sourcecode.c.h; path = KSHUserDefaultsHelper.h; sourceTree = "<group>"; };
		C1E2AC7E196BC70D00B6A7AF /* KSHUserDefaultsHelper.m */ = {isa = PBXFileReference; fileEncoding = 4; lastKnownFileType = sourcecode.c.objc; path = KSHUserDefaultsHelper.m; sourceTree = "<group>"; };
		C1EDDEC61980EE01004AE85A /* KSHContentTableViewCell.h */ = {isa = PBXFileReference; fileEncoding = 4; lastKnownFileType = sourcecode.c.h; path = KSHContentTableViewCell.h; sourceTree = "<group>"; };
		C1EDDEC71980EE01004AE85A /* KSHContentTableViewCell.m */ = {isa = PBXFileReference; fileEncoding = 4; lastKnownFileType = sourcecode.c.objc; path = KSHContentTableViewCell.m; sourceTree = "<group>"; };
		C1EDDEC9198202DA004AE85A /* KSHEntityDetailViewController.h */ = {isa = PBXFileReference; fileEncoding = 4; lastKnownFileType = sourcecode.c.h; path = KSHEntityDetailViewController.h; sourceTree = "<group>"; };
		C1EDDECA198202DA004AE85A /* KSHEntityDetailViewController.m */ = {isa = PBXFileReference; fileEncoding = 4; lastKnownFileType = sourcecode.c.objc; path = KSHEntityDetailViewController.m; sourceTree = "<group>"; };
		C1EDDECC1982038B004AE85A /* KSHArticleTableViewCell.h */ = {isa = PBXFileReference; fileEncoding = 4; lastKnownFileType = sourcecode.c.h; path = KSHArticleTableViewCell.h; sourceTree = "<group>"; };
		C1EDDECD1982038B004AE85A /* KSHArticleTableViewCell.m */ = {isa = PBXFileReference; fileEncoding = 4; lastKnownFileType = sourcecode.c.objc; path = KSHArticleTableViewCell.m; sourceTree = "<group>"; };
		C1EDDED919822C46004AE85A /* KSHSettingsTableViewController.h */ = {isa = PBXFileReference; fileEncoding = 4; lastKnownFileType = sourcecode.c.h; path = KSHSettingsTableViewController.h; sourceTree = "<group>"; };
		C1EDDEDA19822C46004AE85A /* KSHSettingsTableViewController.m */ = {isa = PBXFileReference; fileEncoding = 4; lastKnownFileType = sourcecode.c.objc; path = KSHSettingsTableViewController.m; sourceTree = "<group>"; };
		C1EDDEDC198231C5004AE85A /* KSHWebViewController.h */ = {isa = PBXFileReference; fileEncoding = 4; lastKnownFileType = sourcecode.c.h; path = KSHWebViewController.h; sourceTree = "<group>"; };
		C1EDDEDD198231C5004AE85A /* KSHWebViewController.m */ = {isa = PBXFileReference; fileEncoding = 4; lastKnownFileType = sourcecode.c.objc; path = KSHWebViewController.m; sourceTree = "<group>"; };
		C1EDDEDF19823A3C004AE85A /* KSHMyKSHTableViewController.h */ = {isa = PBXFileReference; fileEncoding = 4; lastKnownFileType = sourcecode.c.h; path = KSHMyKSHTableViewController.h; sourceTree = "<group>"; };
		C1EDDEE019823A3C004AE85A /* KSHMyKSHTableViewController.m */ = {isa = PBXFileReference; fileEncoding = 4; lastKnownFileType = sourcecode.c.objc; path = KSHMyKSHTableViewController.m; sourceTree = "<group>"; };
		C1EDDEE519824050004AE85A /* KSHMyKSHTableViewCell.h */ = {isa = PBXFileReference; fileEncoding = 4; lastKnownFileType = sourcecode.c.h; path = KSHMyKSHTableViewCell.h; sourceTree = "<group>"; };
		C1EDDEE619824050004AE85A /* KSHMyKSHTableViewCell.m */ = {isa = PBXFileReference; fileEncoding = 4; lastKnownFileType = sourcecode.c.objc; path = KSHMyKSHTableViewCell.m; sourceTree = "<group>"; };
		C1EDDEEA1985EC43004AE85A /* event-icon.png */ = {isa = PBXFileReference; lastKnownFileType = image.png; path = "event-icon.png"; sourceTree = "<group>"; };
		C1EDDEEB1985EC43004AE85A /* news-icon.png */ = {isa = PBXFileReference; lastKnownFileType = image.png; path = "news-icon.png"; sourceTree = "<group>"; };
		C1EDDEF11985F18D004AE85A /* myksh-icon.png */ = {isa = PBXFileReference; lastKnownFileType = image.png; path = "myksh-icon.png"; sourceTree = "<group>"; };
		C1EDDEF21985F18D004AE85A /* project-icon.png */ = {isa = PBXFileReference; lastKnownFileType = image.png; path = "project-icon.png"; sourceTree = "<group>"; };
		C1EDDEF719861893004AE85A /* star-deselected-icon.png */ = {isa = PBXFileReference; lastKnownFileType = image.png; path = "star-deselected-icon.png"; sourceTree = "<group>"; };
		C1EDDEF819861893004AE85A /* star-selected-icon.png */ = {isa = PBXFileReference; lastKnownFileType = image.png; path = "star-selected-icon.png"; sourceTree = "<group>"; };
		C1EDDEFB1986256E004AE85A /* coin-icon-blk.png */ = {isa = PBXFileReference; lastKnownFileType = image.png; path = "coin-icon-blk.png"; sourceTree = "<group>"; };
		C1EDDEFC1986256E004AE85A /* coin-icon-wht.png */ = {isa = PBXFileReference; lastKnownFileType = image.png; path = "coin-icon-wht.png"; sourceTree = "<group>"; };
		C1EDDF05198625B8004AE85A /* share-icon-blk.png */ = {isa = PBXFileReference; lastKnownFileType = image.png; path = "share-icon-blk.png"; sourceTree = "<group>"; };
		C1EDDF06198625B8004AE85A /* share-icon-wht.png */ = {isa = PBXFileReference; lastKnownFileType = image.png; path = "share-icon-wht.png"; sourceTree = "<group>"; };
		C1EDDF091986280A004AE85A /* arrow-down-icon-blk.png */ = {isa = PBXFileReference; lastKnownFileType = image.png; path = "arrow-down-icon-blk.png"; sourceTree = "<group>"; };
		C1EDDF0A1986280A004AE85A /* arrow-down-icon-wht.png */ = {isa = PBXFileReference; lastKnownFileType = image.png; path = "arrow-down-icon-wht.png"; sourceTree = "<group>"; };
		C1EDDF0B1986280A004AE85A /* arrow-up-icon-blk.png */ = {isa = PBXFileReference; lastKnownFileType = image.png; path = "arrow-up-icon-blk.png"; sourceTree = "<group>"; };
		C1EDDF0C1986280A004AE85A /* arrow-up-icon-wht.png */ = {isa = PBXFileReference; lastKnownFileType = image.png; path = "arrow-up-icon-wht.png"; sourceTree = "<group>"; };
		C1EDDF1C198750F9004AE85A /* KSHHomescreenNavigationBar.h */ = {isa = PBXFileReference; fileEncoding = 4; lastKnownFileType = sourcecode.c.h; path = KSHHomescreenNavigationBar.h; sourceTree = "<group>"; };
		C1EDDF1D198750F9004AE85A /* KSHHomescreenNavigationBar.m */ = {isa = PBXFileReference; fileEncoding = 4; lastKnownFileType = sourcecode.c.objc; path = KSHHomescreenNavigationBar.m; sourceTree = "<group>"; };
		C1EDDF1F19875249004AE85A /* KSHHomescreenTableViewController.h */ = {isa = PBXFileReference; fileEncoding = 4; lastKnownFileType = sourcecode.c.h; path = KSHHomescreenTableViewController.h; sourceTree = "<group>"; };
		C1EDDF2019875249004AE85A /* KSHHomescreenTableViewController.m */ = {isa = PBXFileReference; fileEncoding = 4; lastKnownFileType = sourcecode.c.objc; path = KSHHomescreenTableViewController.m; sourceTree = "<group>"; };
		C1EDDF221987580D004AE85A /* KSHMenuTableViewCell.h */ = {isa = PBXFileReference; fileEncoding = 4; lastKnownFileType = sourcecode.c.h; path = KSHMenuTableViewCell.h; sourceTree = "<group>"; };
		C1EDDF231987580D004AE85A /* KSHMenuTableViewCell.m */ = {isa = PBXFileReference; fileEncoding = 4; lastKnownFileType = sourcecode.c.objc; path = KSHMenuTableViewCell.m; sourceTree = "<group>"; };
		C1EDDF2519877456004AE85A /* help-icon.png */ = {isa = PBXFileReference; lastKnownFileType = image.png; path = "help-icon.png"; sourceTree = "<group>"; };
		C1EDDF271987A4FC004AE85A /* favorites-icon.png */ = {isa = PBXFileReference; lastKnownFileType = image.png; path = "favorites-icon.png"; sourceTree = "<group>"; };
		C1EDDF281987A4FC004AE85A /* home-icon.png */ = {isa = PBXFileReference; lastKnownFileType = image.png; path = "home-icon.png"; sourceTree = "<group>"; };
		C1F6FF8319596350006EE5F7 /* KSHUserManager.h */ = {isa = PBXFileReference; fileEncoding = 4; lastKnownFileType = sourcecode.c.h; path = KSHUserManager.h; sourceTree = "<group>"; };
		C1F6FF8419596350006EE5F7 /* KSHUserManager.m */ = {isa = PBXFileReference; fileEncoding = 4; lastKnownFileType = sourcecode.c.objc; path = KSHUserManager.m; sourceTree = "<group>"; };
		C1F6FF861959635E006EE5F7 /* KSHArticleManager.h */ = {isa = PBXFileReference; fileEncoding = 4; lastKnownFileType = sourcecode.c.h; path = KSHArticleManager.h; sourceTree = "<group>"; };
		C1F6FF871959635E006EE5F7 /* KSHArticleManager.m */ = {isa = PBXFileReference; fileEncoding = 4; lastKnownFileType = sourcecode.c.objc; path = KSHArticleManager.m; sourceTree = "<group>"; };
		C1F6FF9719597E0E006EE5F7 /* KSHArticleTableViewController.h */ = {isa = PBXFileReference; fileEncoding = 4; lastKnownFileType = sourcecode.c.h; path = KSHArticleTableViewController.h; sourceTree = "<group>"; };
		C1F6FF9819597E0E006EE5F7 /* KSHArticleTableViewController.m */ = {isa = PBXFileReference; fileEncoding = 4; lastKnownFileType = sourcecode.c.objc; path = KSHArticleTableViewController.m; sourceTree = "<group>"; };
		C1F87B93195D3EA900DD300D /* KSHUserProfileTableViewController.h */ = {isa = PBXFileReference; fileEncoding = 4; lastKnownFileType = sourcecode.c.h; path = KSHUserProfileTableViewController.h; sourceTree = "<group>"; };
		C1F87B94195D3EAA00DD300D /* KSHUserProfileTableViewController.m */ = {isa = PBXFileReference; fileEncoding = 4; lastKnownFileType = sourcecode.c.objc; path = KSHUserProfileTableViewController.m; sourceTree = "<group>"; };
		C1F87B9A195D3F0900DD300D /* KSHLoginViewController.h */ = {isa = PBXFileReference; fileEncoding = 4; lastKnownFileType = sourcecode.c.h; path = KSHLoginViewController.h; sourceTree = "<group>"; };
		C1F87B9B195D3F0900DD300D /* KSHLoginViewController.m */ = {isa = PBXFileReference; fileEncoding = 4; lastKnownFileType = sourcecode.c.objc; path = KSHLoginViewController.m; sourceTree = "<group>"; };
/* End PBXFileReference section */

/* Begin PBXFrameworksBuildPhase section */
		C1355FE519594FA9005DABED /* Frameworks */ = {
			isa = PBXFrameworksBuildPhase;
			buildActionMask = 2147483647;
			files = (
				C111FECF196D97FC0043E983 /* CoreText.framework in Frameworks */,
				C1355FEE19594FA9005DABED /* CoreGraphics.framework in Frameworks */,
				C1355FF219594FA9005DABED /* CoreData.framework in Frameworks */,
				C1355FF019594FA9005DABED /* UIKit.framework in Frameworks */,
				C1355FEC19594FA9005DABED /* Foundation.framework in Frameworks */,
				2D4CF66EF926450F920E3365 /* libPods.a in Frameworks */,
			);
			runOnlyForDeploymentPostprocessing = 0;
		};
		C135600E19594FA9005DABED /* Frameworks */ = {
			isa = PBXFrameworksBuildPhase;
			buildActionMask = 2147483647;
			files = (
				C135601319594FA9005DABED /* XCTest.framework in Frameworks */,
				C135601619594FA9005DABED /* CoreData.framework in Frameworks */,
				C135601519594FA9005DABED /* UIKit.framework in Frameworks */,
				C135601419594FA9005DABED /* Foundation.framework in Frameworks */,
			);
			runOnlyForDeploymentPostprocessing = 0;
		};
/* End PBXFrameworksBuildPhase section */

/* Begin PBXGroup section */
		C134459719764EC0003940CE /* Views */ = {
			isa = PBXGroup;
			children = (
				C1EDDF1B198750CC004AE85A /* Navbars */,
				C1EDDF1A198750C3004AE85A /* TableViewCells */,
			);
			name = Views;
			path = Model;
			sourceTree = "<group>";
		};
		C13445A119777035003940CE /* NonCoreDataClasses */ = {
			isa = PBXGroup;
			children = (
				C13445A8197781E7003940CE /* KSHCurrentUser.h */,
				C13445A9197781E7003940CE /* KSHCurrentUser.m */,
			);
			name = NonCoreDataClasses;
			path = ..;
			sourceTree = "<group>";
		};
		C1355FDF19594FA9005DABED = {
			isa = PBXGroup;
			children = (
				C1355FF319594FA9005DABED /* KaiShengHui */,
				C135601919594FA9005DABED /* KaiShengHuiTests */,
				C1355FEA19594FA9005DABED /* Frameworks */,
				C1355FE919594FA9005DABED /* Products */,
				07AC7ED80DC44FFAADF56747 /* Pods.xcconfig */,
			);
			sourceTree = "<group>";
		};
		C1355FE919594FA9005DABED /* Products */ = {
			isa = PBXGroup;
			children = (
				C1355FE819594FA9005DABED /* KaiShengHui.app */,
				C135601119594FA9005DABED /* KaiShengHuiTests.xctest */,
			);
			name = Products;
			sourceTree = "<group>";
		};
		C1355FEA19594FA9005DABED /* Frameworks */ = {
			isa = PBXGroup;
			children = (
				C111FECE196D97FC0043E983 /* CoreText.framework */,
				C1355FEB19594FA9005DABED /* Foundation.framework */,
				C1355FED19594FA9005DABED /* CoreGraphics.framework */,
				C1355FEF19594FA9005DABED /* UIKit.framework */,
				C1355FF119594FA9005DABED /* CoreData.framework */,
				C135601219594FA9005DABED /* XCTest.framework */,
				A7255E48F6D14CE185DFC1DE /* libPods.a */,
			);
			name = Frameworks;
			sourceTree = "<group>";
		};
		C1355FF319594FA9005DABED /* KaiShengHui */ = {
			isa = PBXGroup;
			children = (
				C1ABFE2F195C206E006560E7 /* Networking */,
				C14D4A3F197E6BBF00CAA5A5 /* Model */,
				C134459719764EC0003940CE /* Views */,
				C135602C195950BF005DABED /* Controllers */,
				C1355FFC19594FA9005DABED /* KSHAppDelegate.h */,
				C1355FFD19594FA9005DABED /* KSHAppDelegate.m */,
				C111FEC9196D50B40043E983 /* Main.storyboard */,
				C134459219738CDC003940CE /* README.md */,
				C135600B19594FA9005DABED /* Images.xcassets */,
				C1560937197CE34500FB4677 /* ksh-default.jpg */,
				C1EDDEE81985EC43004AE85A /* Assets */,
				C1355FF419594FA9005DABED /* Supporting Files */,
			);
			path = KaiShengHui;
			sourceTree = "<group>";
		};
		C1355FF419594FA9005DABED /* Supporting Files */ = {
			isa = PBXGroup;
			children = (
				C1355FF519594FA9005DABED /* KaiShengHui-Info.plist */,
				C1355FF619594FA9005DABED /* InfoPlist.strings */,
				C1355FF919594FA9005DABED /* main.m */,
				C1355FFB19594FA9005DABED /* KaiShengHui-Prefix.pch */,
			);
			name = "Supporting Files";
			sourceTree = "<group>";
		};
		C135601919594FA9005DABED /* KaiShengHuiTests */ = {
			isa = PBXGroup;
			children = (
				C14D49AA197D4AE600CAA5A5 /* KSHMappingProviderTest.m */,
				C135601F19594FA9005DABED /* KaiShengHuiTests.m */,
				C14D49A7197D468700CAA5A5 /* Fixtures */,
				C135601A19594FA9005DABED /* Supporting Files */,
			);
			path = KaiShengHuiTests;
			sourceTree = "<group>";
		};
		C135601A19594FA9005DABED /* Supporting Files */ = {
			isa = PBXGroup;
			children = (
				C135601B19594FA9005DABED /* KaiShengHuiTests-Info.plist */,
				C135601C19594FA9005DABED /* InfoPlist.strings */,
			);
			name = "Supporting Files";
			sourceTree = "<group>";
		};
		C135602C195950BF005DABED /* Controllers */ = {
			isa = PBXGroup;
			children = (
				C182851C1966B29B0080F2DD /* Helpers */,
				C1CAA153197FA3B2003EA341 /* Parent Controllers */,
				C1F6FF9619597DE8006EE5F7 /* ArticleViewControllers */,
				C1CAA13E197F89F7003EA341 /* ProjectViewControllers */,
				C1CAA13D197F89E5003EA341 /* EventViewControllers */,
				C1ABFE31195C20B5006560E7 /* LoginViewControllers */,
				C1F6FFA019597E8E006EE5F7 /* MyKSHControllers */,
				C1EDDF1F19875249004AE85A /* KSHHomescreenTableViewController.h */,
				C1EDDF2019875249004AE85A /* KSHHomescreenTableViewController.m */,
			);
			name = Controllers;
			sourceTree = "<group>";
		};
		C14D49A7197D468700CAA5A5 /* Fixtures */ = {
			isa = PBXGroup;
			children = (
				C14D49A8197D470300CAA5A5 /* article.json */,
			);
			name = Fixtures;
			sourceTree = "<group>";
		};
		C14D4A3F197E6BBF00CAA5A5 /* Model */ = {
			isa = PBXGroup;
			children = (
				C135600219594FA9005DABED /* KaiShengHui.xcdatamodeld */,
				C13445A119777035003940CE /* NonCoreDataClasses */,
				C14D4A5B197E6BBF00CAA5A5 /* CoreDataSubclasses */,
				C14D4A40197E6BBF00CAA5A5 /* CoreDataEntities_DO_NOT_EDIT */,
			);
			path = Model;
			sourceTree = "<group>";
		};
		C14D4A40197E6BBF00CAA5A5 /* CoreDataEntities_DO_NOT_EDIT */ = {
			isa = PBXGroup;
			children = (
				C14D4A41197E6BBF00CAA5A5 /* _KSHArticle.h */,
				C14D4A42197E6BBF00CAA5A5 /* _KSHArticle.m */,
				C14D4A43197E6BBF00CAA5A5 /* _KSHConsultant.h */,
				C14D4A44197E6BBF00CAA5A5 /* _KSHConsultant.m */,
				C14D4A45197E6BBF00CAA5A5 /* _KSHConsultationProject.h */,
				C14D4A46197E6BBF00CAA5A5 /* _KSHConsultationProject.m */,
				C14D4A47197E6BBF00CAA5A5 /* _KSHConsultationTask.h */,
				C14D4A48197E6BBF00CAA5A5 /* _KSHConsultationTask.m */,
				C14D4A49197E6BBF00CAA5A5 /* _KSHEvent.h */,
				C14D4A4A197E6BBF00CAA5A5 /* _KSHEvent.m */,
				C14D4A4B197E6BBF00CAA5A5 /* _KSHFeedback.h */,
				C14D4A4C197E6BBF00CAA5A5 /* _KSHFeedback.m */,
				C14D4A4D197E6BBF00CAA5A5 /* _KSHPost.h */,
				C14D4A4E197E6BBF00CAA5A5 /* _KSHPost.m */,
				C14D4A4F197E6BBF00CAA5A5 /* _KSHProfile.h */,
				C14D4A50197E6BBF00CAA5A5 /* _KSHProfile.m */,
				C14D4A51197E6BBF00CAA5A5 /* _KSHProject.h */,
				C14D4A52197E6BBF00CAA5A5 /* _KSHProject.m */,
				C14D4A53197E6BBF00CAA5A5 /* _KSHProjectOpportunity.h */,
				C14D4A54197E6BBF00CAA5A5 /* _KSHProjectOpportunity.m */,
				C14D4A55197E6BBF00CAA5A5 /* _KSHTask.h */,
				C14D4A56197E6BBF00CAA5A5 /* _KSHTask.m */,
				C14D4A57197E6BBF00CAA5A5 /* _KSHTopic.h */,
				C14D4A58197E6BBF00CAA5A5 /* _KSHTopic.m */,
				C14D4A59197E6BBF00CAA5A5 /* _KSHUser.h */,
				C14D4A5A197E6BBF00CAA5A5 /* _KSHUser.m */,
			);
			path = CoreDataEntities_DO_NOT_EDIT;
			sourceTree = "<group>";
		};
		C14D4A5B197E6BBF00CAA5A5 /* CoreDataSubclasses */ = {
			isa = PBXGroup;
			children = (
				C14D4A5C197E6BBF00CAA5A5 /* KSHArticle.h */,
				C14D4A5D197E6BBF00CAA5A5 /* KSHArticle.m */,
				C14D4A5E197E6BBF00CAA5A5 /* KSHConsultant.h */,
				C14D4A5F197E6BBF00CAA5A5 /* KSHConsultant.m */,
				C14D4A60197E6BBF00CAA5A5 /* KSHConsultationProject.h */,
				C14D4A61197E6BBF00CAA5A5 /* KSHConsultationProject.m */,
				C14D4A62197E6BBF00CAA5A5 /* KSHConsultationTask.h */,
				C14D4A63197E6BBF00CAA5A5 /* KSHConsultationTask.m */,
				C14D4A64197E6BBF00CAA5A5 /* KSHEvent.h */,
				C14D4A65197E6BBF00CAA5A5 /* KSHEvent.m */,
				C14D4A66197E6BBF00CAA5A5 /* KSHFeedback.h */,
				C14D4A67197E6BBF00CAA5A5 /* KSHFeedback.m */,
				C14D4A68197E6BBF00CAA5A5 /* KSHPost.h */,
				C14D4A69197E6BBF00CAA5A5 /* KSHPost.m */,
				C14D4A6A197E6BBF00CAA5A5 /* KSHProfile.h */,
				C14D4A6B197E6BBF00CAA5A5 /* KSHProfile.m */,
				C14D4A6C197E6BBF00CAA5A5 /* KSHProject.h */,
				C14D4A6D197E6BBF00CAA5A5 /* KSHProject.m */,
				C14D4A6E197E6BBF00CAA5A5 /* KSHProjectOpportunity.h */,
				C14D4A6F197E6BBF00CAA5A5 /* KSHProjectOpportunity.m */,
				C14D4A70197E6BBF00CAA5A5 /* KSHTask.h */,
				C14D4A71197E6BBF00CAA5A5 /* KSHTask.m */,
				C14D4A72197E6BBF00CAA5A5 /* KSHTopic.h */,
				C14D4A73197E6BBF00CAA5A5 /* KSHTopic.m */,
				C14D4A74197E6BBF00CAA5A5 /* KSHUser.h */,
				C14D4A75197E6BBF00CAA5A5 /* KSHUser.m */,
			);
			path = CoreDataSubclasses;
			sourceTree = "<group>";
		};
		C182851C1966B29B0080F2DD /* Helpers */ = {
			isa = PBXGroup;
			children = (
				C1E2AC7D196BC70D00B6A7AF /* KSHUserDefaultsHelper.h */,
				C1E2AC7E196BC70D00B6A7AF /* KSHUserDefaultsHelper.m */,
				C1828518196679210080F2DD /* KSHMessage.h */,
				C1828519196679210080F2DD /* KSHMessage.m */,
			);
			name = Helpers;
			sourceTree = "<group>";
		};
		C1ABFE2F195C206E006560E7 /* Networking */ = {
			isa = PBXGroup;
			children = (
				C1F6FF90195963D3006EE5F7 /* ObjectManagers */,
				C1F6FF8F195963CC006EE5F7 /* MappingProvider */,
			);
			name = Networking;
			sourceTree = "<group>";
		};
		C1ABFE31195C20B5006560E7 /* LoginViewControllers */ = {
			isa = PBXGroup;
			children = (
				C1F87B9A195D3F0900DD300D /* KSHLoginViewController.h */,
				C1F87B9B195D3F0900DD300D /* KSHLoginViewController.m */,
				C1CAA157197FB505003EA341 /* KSHLandingViewController.h */,
				C1CAA158197FB505003EA341 /* KSHLandingViewController.m */,
			);
			name = LoginViewControllers;
			sourceTree = "<group>";
		};
		C1ABFE32195C20ED006560E7 /* UserManager */ = {
			isa = PBXGroup;
			children = (
				C1F6FF8319596350006EE5F7 /* KSHUserManager.h */,
				C1F6FF8419596350006EE5F7 /* KSHUserManager.m */,
			);
			name = UserManager;
			sourceTree = "<group>";
		};
		C1ABFE33195C20F3006560E7 /* ContentManagers */ = {
			isa = PBXGroup;
			children = (
				C1F6FF861959635E006EE5F7 /* KSHArticleManager.h */,
				C1F6FF871959635E006EE5F7 /* KSHArticleManager.m */,
				C1CAA14A197F8E23003EA341 /* KSHProjectOpportunityManager.h */,
				C1CAA14B197F8E23003EA341 /* KSHProjectOpportunityManager.m */,
				C1CAA147197F8E15003EA341 /* KSHEventManager.h */,
				C1CAA148197F8E15003EA341 /* KSHEventManager.m */,
			);
			name = ContentManagers;
			sourceTree = "<group>";
		};
		C1ABFE34195C210B006560E7 /* ObjectManager */ = {
			isa = PBXGroup;
			children = (
				C135603919595590005DABED /* KSHObjectManager.h */,
				C135603A19595590005DABED /* KSHObjectManager.m */,
			);
			name = ObjectManager;
			sourceTree = "<group>";
		};
		C1CAA13D197F89E5003EA341 /* EventViewControllers */ = {
			isa = PBXGroup;
			children = (
				C1CAA13F197F8A2D003EA341 /* KSHEventTableViewController.h */,
				C1CAA140197F8A2D003EA341 /* KSHEventTableViewController.m */,
				C1CAA154197FA70E003EA341 /* KSHEventDetailViewController.h */,
				C1CAA155197FA70E003EA341 /* KSHEventDetailViewController.m */,
			);
			name = EventViewControllers;
			sourceTree = "<group>";
		};
		C1CAA13E197F89F7003EA341 /* ProjectViewControllers */ = {
			isa = PBXGroup;
			children = (
				C1CAA142197F8A3D003EA341 /* KSHProjectTableViewController.h */,
				C1CAA143197F8A3D003EA341 /* KSHProjectTableViewController.m */,
				C1CAA150197FA173003EA341 /* KSHProjectDetailViewController.h */,
				C1CAA151197FA173003EA341 /* KSHProjectDetailViewController.m */,
			);
			name = ProjectViewControllers;
			sourceTree = "<group>";
		};
		C1CAA153197FA3B2003EA341 /* Parent Controllers */ = {
			isa = PBXGroup;
			children = (
				C1CAA14D197F8EF8003EA341 /* KSHEntityTableViewController.h */,
				C1CAA14E197F8EF8003EA341 /* KSHEntityTableViewController.m */,
				C1EDDEC9198202DA004AE85A /* KSHEntityDetailViewController.h */,
				C1EDDECA198202DA004AE85A /* KSHEntityDetailViewController.m */,
				C1EDDEDC198231C5004AE85A /* KSHWebViewController.h */,
				C1EDDEDD198231C5004AE85A /* KSHWebViewController.m */,
			);
			name = "Parent Controllers";
			sourceTree = "<group>";
		};
		C1EDDEE81985EC43004AE85A /* Assets */ = {
			isa = PBXGroup;
			children = (
				C1EDDF2519877456004AE85A /* help-icon.png */,
				C1EDDF091986280A004AE85A /* arrow-down-icon-blk.png */,
				C1EDDF0A1986280A004AE85A /* arrow-down-icon-wht.png */,
				C1EDDF0B1986280A004AE85A /* arrow-up-icon-blk.png */,
				C1EDDF0C1986280A004AE85A /* arrow-up-icon-wht.png */,
				C1EDDEFB1986256E004AE85A /* coin-icon-blk.png */,
				C1EDDF271987A4FC004AE85A /* favorites-icon.png */,
				C1EDDF281987A4FC004AE85A /* home-icon.png */,
				C1EDDEFC1986256E004AE85A /* coin-icon-wht.png */,
				C1EDDF05198625B8004AE85A /* share-icon-blk.png */,
				C1EDDF06198625B8004AE85A /* share-icon-wht.png */,
				C1EDDEF11985F18D004AE85A /* myksh-icon.png */,
				C1EDDEF21985F18D004AE85A /* project-icon.png */,
				C1EDDEEA1985EC43004AE85A /* event-icon.png */,
				C1EDDEEB1985EC43004AE85A /* news-icon.png */,
				C1EDDEF719861893004AE85A /* star-deselected-icon.png */,
				C1EDDEF819861893004AE85A /* star-selected-icon.png */,
			);
			path = Assets;
			sourceTree = "<group>";
		};
		C1EDDF1A198750C3004AE85A /* TableViewCells */ = {
			isa = PBXGroup;
			children = (
				C1EDDECC1982038B004AE85A /* KSHArticleTableViewCell.h */,
				C1EDDECD1982038B004AE85A /* KSHArticleTableViewCell.m */,
				C1EDDEC61980EE01004AE85A /* KSHContentTableViewCell.h */,
				C1EDDEC71980EE01004AE85A /* KSHContentTableViewCell.m */,
				C1EDDEE519824050004AE85A /* KSHMyKSHTableViewCell.h */,
				C1EDDEE619824050004AE85A /* KSHMyKSHTableViewCell.m */,
				C1EDDF221987580D004AE85A /* KSHMenuTableViewCell.h */,
				C1EDDF231987580D004AE85A /* KSHMenuTableViewCell.m */,
			);
			name = TableViewCells;
			sourceTree = "<group>";
		};
		C1EDDF1B198750CC004AE85A /* Navbars */ = {
			isa = PBXGroup;
			children = (
				C150B7C1198894030069B0DB /* KSHSplitButtonView.h */,
				C150B7C2198894030069B0DB /* KSHSplitButtonView.m */,
				C1EDDF1C198750F9004AE85A /* KSHHomescreenNavigationBar.h */,
				C1EDDF1D198750F9004AE85A /* KSHHomescreenNavigationBar.m */,
			);
			name = Navbars;
			sourceTree = "<group>";
		};
		C1F6FF8F195963CC006EE5F7 /* MappingProvider */ = {
			isa = PBXGroup;
			children = (
				C135603619595523005DABED /* KSHMappingProvider.h */,
				C135603719595523005DABED /* KSHMappingProvider.m */,
			);
			name = MappingProvider;
			sourceTree = "<group>";
		};
		C1F6FF90195963D3006EE5F7 /* ObjectManagers */ = {
			isa = PBXGroup;
			children = (
				C1ABFE34195C210B006560E7 /* ObjectManager */,
				C1ABFE33195C20F3006560E7 /* ContentManagers */,
				C1ABFE32195C20ED006560E7 /* UserManager */,
			);
			name = ObjectManagers;
			sourceTree = "<group>";
		};
		C1F6FF9619597DE8006EE5F7 /* ArticleViewControllers */ = {
			isa = PBXGroup;
			children = (
				C1F6FF9719597E0E006EE5F7 /* KSHArticleTableViewController.h */,
				C1F6FF9819597E0E006EE5F7 /* KSHArticleTableViewController.m */,
				C111FED3196E31A10043E983 /* KSHArticleDetailViewController.h */,
				C111FED4196E31A10043E983 /* KSHArticleDetailViewController.m */,
			);
			name = ArticleViewControllers;
			sourceTree = "<group>";
		};
		C1F6FFA019597E8E006EE5F7 /* MyKSHControllers */ = {
			isa = PBXGroup;
			children = (
				C1EDDEDF19823A3C004AE85A /* KSHMyKSHTableViewController.h */,
				C1EDDEE019823A3C004AE85A /* KSHMyKSHTableViewController.m */,
				C1F87B93195D3EA900DD300D /* KSHUserProfileTableViewController.h */,
				C1F87B94195D3EAA00DD300D /* KSHUserProfileTableViewController.m */,
				C1EDDED919822C46004AE85A /* KSHSettingsTableViewController.h */,
				C1EDDEDA19822C46004AE85A /* KSHSettingsTableViewController.m */,
			);
			name = MyKSHControllers;
			sourceTree = "<group>";
		};
/* End PBXGroup section */

/* Begin PBXNativeTarget section */
		C1355FE719594FA9005DABED /* KaiShengHui */ = {
			isa = PBXNativeTarget;
			buildConfigurationList = C135602319594FA9005DABED /* Build configuration list for PBXNativeTarget "KaiShengHui" */;
			buildPhases = (
				9865D4BC01AB4A9F8BBDCB2C /* Check Pods Manifest.lock */,
				C1355FE419594FA9005DABED /* Sources */,
				C1355FE519594FA9005DABED /* Frameworks */,
				C1355FE619594FA9005DABED /* Resources */,
				88BD827097BA407C8B212EB9 /* Copy Pods Resources */,
			);
			buildRules = (
			);
			dependencies = (
				C1E2ACC2196BEFE100B6A7AF /* PBXTargetDependency */,
			);
			name = KaiShengHui;
			productName = KaiShengHui;
			productReference = C1355FE819594FA9005DABED /* KaiShengHui.app */;
			productType = "com.apple.product-type.application";
		};
		C135601019594FA9005DABED /* KaiShengHuiTests */ = {
			isa = PBXNativeTarget;
			buildConfigurationList = C135602619594FA9005DABED /* Build configuration list for PBXNativeTarget "KaiShengHuiTests" */;
			buildPhases = (
				C135600D19594FA9005DABED /* Sources */,
				C135600E19594FA9005DABED /* Frameworks */,
				C135600F19594FA9005DABED /* Resources */,
			);
			buildRules = (
			);
			dependencies = (
				C135601819594FA9005DABED /* PBXTargetDependency */,
			);
			name = KaiShengHuiTests;
			productName = KaiShengHuiTests;
			productReference = C135601119594FA9005DABED /* KaiShengHuiTests.xctest */;
			productType = "com.apple.product-type.bundle.unit-test";
		};
/* End PBXNativeTarget section */

/* Begin PBXProject section */
		C1355FE019594FA9005DABED /* Project object */ = {
			isa = PBXProject;
			attributes = {
				CLASSPREFIX = KSH;
				LastUpgradeCheck = 0510;
				ORGANIZATIONNAME = Capvision;
				TargetAttributes = {
					C1355FE719594FA9005DABED = {
						DevelopmentTeam = S7P9JL3G6J;
					};
					C135601019594FA9005DABED = {
						TestTargetID = C1355FE719594FA9005DABED;
					};
				};
			};
			buildConfigurationList = C1355FE319594FA9005DABED /* Build configuration list for PBXProject "KaiShengHui" */;
			compatibilityVersion = "Xcode 3.2";
			developmentRegion = English;
			hasScannedForEncodings = 0;
			knownRegions = (
				en,
				Base,
			);
			mainGroup = C1355FDF19594FA9005DABED;
			productRefGroup = C1355FE919594FA9005DABED /* Products */;
			projectDirPath = "";
			projectRoot = "";
			targets = (
				C1355FE719594FA9005DABED /* KaiShengHui */,
				C135601019594FA9005DABED /* KaiShengHuiTests */,
				C1E2AC8D196BE96B00B6A7AF /* Mogenerator */,
			);
		};
/* End PBXProject section */

/* Begin PBXResourcesBuildPhase section */
		C1355FE619594FA9005DABED /* Resources */ = {
			isa = PBXResourcesBuildPhase;
			buildActionMask = 2147483647;
			files = (
				C135600C19594FA9005DABED /* Images.xcassets in Resources */,
				C1EDDF0E1986280A004AE85A /* arrow-down-icon-wht.png in Resources */,
				C1355FF819594FA9005DABED /* InfoPlist.strings in Resources */,
				C134459319738CDC003940CE /* README.md in Resources */,
				C1EDDEFA19861893004AE85A /* star-selected-icon.png in Resources */,
				C1EDDEF31985F18D004AE85A /* myksh-icon.png in Resources */,
				C1EDDEF41985F18D004AE85A /* project-icon.png in Resources */,
				C1EDDF08198625B8004AE85A /* share-icon-wht.png in Resources */,
				C1EDDEF919861893004AE85A /* star-deselected-icon.png in Resources */,
				C1EDDF001986256E004AE85A /* coin-icon-blk.png in Resources */,
				C1EDDEEE1985EC43004AE85A /* event-icon.png in Resources */,
				C1560938197CE34500FB4677 /* ksh-default.jpg in Resources */,
				C1EDDF0D1986280A004AE85A /* arrow-down-icon-blk.png in Resources */,
				C1EDDF101986280A004AE85A /* arrow-up-icon-wht.png in Resources */,
				C1EDDF291987A4FC004AE85A /* favorites-icon.png in Resources */,
				C1EDDF07198625B8004AE85A /* share-icon-blk.png in Resources */,
				C1EDDF011986256E004AE85A /* coin-icon-wht.png in Resources */,
				C1EDDF0F1986280A004AE85A /* arrow-up-icon-blk.png in Resources */,
				C1EDDEEF1985EC43004AE85A /* news-icon.png in Resources */,
				C1EDDF2A1987A4FC004AE85A /* home-icon.png in Resources */,
				C111FECA196D50B40043E983 /* Main.storyboard in Resources */,
				C1EDDF2619877456004AE85A /* help-icon.png in Resources */,
			);
			runOnlyForDeploymentPostprocessing = 0;
		};
		C135600F19594FA9005DABED /* Resources */ = {
			isa = PBXResourcesBuildPhase;
			buildActionMask = 2147483647;
			files = (
				C14D49A9197D470300CAA5A5 /* article.json in Resources */,
				C135601E19594FA9005DABED /* InfoPlist.strings in Resources */,
			);
			runOnlyForDeploymentPostprocessing = 0;
		};
/* End PBXResourcesBuildPhase section */

/* Begin PBXShellScriptBuildPhase section */
		88BD827097BA407C8B212EB9 /* Copy Pods Resources */ = {
			isa = PBXShellScriptBuildPhase;
			buildActionMask = 2147483647;
			files = (
			);
			inputPaths = (
			);
			name = "Copy Pods Resources";
			outputPaths = (
			);
			runOnlyForDeploymentPostprocessing = 0;
			shellPath = /bin/sh;
			shellScript = "\"${SRCROOT}/Pods/Pods-resources.sh\"\n";
			showEnvVarsInLog = 0;
		};
		9865D4BC01AB4A9F8BBDCB2C /* Check Pods Manifest.lock */ = {
			isa = PBXShellScriptBuildPhase;
			buildActionMask = 2147483647;
			files = (
			);
			inputPaths = (
			);
			name = "Check Pods Manifest.lock";
			outputPaths = (
			);
			runOnlyForDeploymentPostprocessing = 0;
			shellPath = /bin/sh;
			shellScript = "diff \"${PODS_ROOT}/../Podfile.lock\" \"${PODS_ROOT}/Manifest.lock\" > /dev/null\nif [[ $? != 0 ]] ; then\n    cat << EOM\nerror: The sandbox is not in sync with the Podfile.lock. Run 'pod install' or update your CocoaPods installation.\nEOM\n    exit 1\nfi\n";
			showEnvVarsInLog = 0;
		};
		C1E2AC91196BE98800B6A7AF /* Run Script */ = {
			isa = PBXShellScriptBuildPhase;
			buildActionMask = 12;
			files = (
			);
			inputPaths = (
			);
			name = "Run Script";
			outputPaths = (
			);
			runOnlyForDeploymentPostprocessing = 0;
			shellPath = /bin/sh;
			shellScript = "cd KaiShengHui\nmogenerator --template-var arc=true -m KaiShengHui.xcdatamodeld -M Model/CoreDataEntities_DO_NOT_EDIT/ -H Model/CoreDataSubclasses/";
		};
/* End PBXShellScriptBuildPhase section */

/* Begin PBXSourcesBuildPhase section */
		C1355FE419594FA9005DABED /* Sources */ = {
			isa = PBXSourcesBuildPhase;
			buildActionMask = 2147483647;
			files = (
				C14D4A89197E6BBF00CAA5A5 /* KSHPost.m in Sources */,
				C14D4A79197E6BBF00CAA5A5 /* _KSHConsultationTask.m in Sources */,
				C14D4A7B197E6BBF00CAA5A5 /* _KSHFeedback.m in Sources */,
				C14D4A8A197E6BBF00CAA5A5 /* KSHProfile.m in Sources */,
				C1CAA152197FA173003EA341 /* KSHProjectDetailViewController.m in Sources */,
				C135600419594FA9005DABED /* KaiShengHui.xcdatamodeld in Sources */,
				C14D4A80197E6BBF00CAA5A5 /* _KSHTask.m in Sources */,
				C1CAA144197F8A3D003EA341 /* KSHProjectTableViewController.m in Sources */,
				C1EDDEDB19822C46004AE85A /* KSHSettingsTableViewController.m in Sources */,
				C1EDDEE719824050004AE85A /* KSHMyKSHTableViewCell.m in Sources */,
				C1F87B9C195D3F0900DD300D /* KSHLoginViewController.m in Sources */,
				C14D4A87197E6BBF00CAA5A5 /* KSHEvent.m in Sources */,
				C111FED5196E31A10043E983 /* KSHArticleDetailViewController.m in Sources */,
				C1F6FF8519596350006EE5F7 /* KSHUserManager.m in Sources */,
				C1EDDF2119875249004AE85A /* KSHHomescreenTableViewController.m in Sources */,
				C14D4A8E197E6BBF00CAA5A5 /* KSHTopic.m in Sources */,
				C1CAA141197F8A2D003EA341 /* KSHEventTableViewController.m in Sources */,
				C14D4A76197E6BBF00CAA5A5 /* _KSHArticle.m in Sources */,
				C14D4A7E197E6BBF00CAA5A5 /* _KSHProject.m in Sources */,
				C1F87B95195D3EAA00DD300D /* KSHUserProfileTableViewController.m in Sources */,
				C1CAA159197FB505003EA341 /* KSHLandingViewController.m in Sources */,
				C1CAA149197F8E15003EA341 /* KSHEventManager.m in Sources */,
				C14D4A88197E6BBF00CAA5A5 /* KSHFeedback.m in Sources */,
				C14D4A7A197E6BBF00CAA5A5 /* _KSHEvent.m in Sources */,
				C14D4A7C197E6BBF00CAA5A5 /* _KSHPost.m in Sources */,
				C1CAA14C197F8E23003EA341 /* KSHProjectOpportunityManager.m in Sources */,
				C1E2AC7F196BC70D00B6A7AF /* KSHUserDefaultsHelper.m in Sources */,
				C14D4A77197E6BBF00CAA5A5 /* _KSHConsultant.m in Sources */,
				C1EDDF1E198750F9004AE85A /* KSHHomescreenNavigationBar.m in Sources */,
				C1EDDECB198202DA004AE85A /* KSHEntityDetailViewController.m in Sources */,
				C1EDDEE119823A3C004AE85A /* KSHMyKSHTableViewController.m in Sources */,
				C1CAA156197FA70E003EA341 /* KSHEventDetailViewController.m in Sources */,
				C13445AA197781E7003940CE /* KSHCurrentUser.m in Sources */,
				C14D4A8F197E6BBF00CAA5A5 /* KSHUser.m in Sources */,
				C1EDDECE1982038B004AE85A /* KSHArticleTableViewCell.m in Sources */,
				C14D4A7D197E6BBF00CAA5A5 /* _KSHProfile.m in Sources */,
				C182851A196679210080F2DD /* KSHMessage.m in Sources */,
				C1F6FF881959635E006EE5F7 /* KSHArticleManager.m in Sources */,
				C14D4A85197E6BBF00CAA5A5 /* KSHConsultationProject.m in Sources */,
				C14D4A7F197E6BBF00CAA5A5 /* _KSHProjectOpportunity.m in Sources */,
				C135603819595523005DABED /* KSHMappingProvider.m in Sources */,
				C14D4A84197E6BBF00CAA5A5 /* KSHConsultant.m in Sources */,
				C14D4A8B197E6BBF00CAA5A5 /* KSHProject.m in Sources */,
				C14D4A8D197E6BBF00CAA5A5 /* KSHTask.m in Sources */,
				C14D4A81197E6BBF00CAA5A5 /* _KSHTopic.m in Sources */,
				C14D4A8C197E6BBF00CAA5A5 /* KSHProjectOpportunity.m in Sources */,
				C14D4A78197E6BBF00CAA5A5 /* _KSHConsultationProject.m in Sources */,
				C1EDDF241987580D004AE85A /* KSHMenuTableViewCell.m in Sources */,
				C1EDDEDE198231C5004AE85A /* KSHWebViewController.m in Sources */,
				C1EDDEC81980EE01004AE85A /* KSHContentTableViewCell.m in Sources */,
				C1355FFA19594FA9005DABED /* main.m in Sources */,
				C14D4A83197E6BBF00CAA5A5 /* KSHArticle.m in Sources */,
				C135603B19595590005DABED /* KSHObjectManager.m in Sources */,
				C1CAA14F197F8EF8003EA341 /* KSHEntityTableViewController.m in Sources */,
				C1355FFE19594FA9005DABED /* KSHAppDelegate.m in Sources */,
				C150B7C3198894030069B0DB /* KSHSplitButtonView.m in Sources */,
				C1F6FF9919597E0E006EE5F7 /* KSHArticleTableViewController.m in Sources */,
				C14D4A86197E6BBF00CAA5A5 /* KSHConsultationTask.m in Sources */,
				C14D4A82197E6BBF00CAA5A5 /* _KSHUser.m in Sources */,
			);
			runOnlyForDeploymentPostprocessing = 0;
		};
		C135600D19594FA9005DABED /* Sources */ = {
			isa = PBXSourcesBuildPhase;
			buildActionMask = 2147483647;
			files = (
				C135602019594FA9005DABED /* KaiShengHuiTests.m in Sources */,
				C14D49AB197D4AE600CAA5A5 /* KSHMappingProviderTest.m in Sources */,
			);
			runOnlyForDeploymentPostprocessing = 0;
		};
/* End PBXSourcesBuildPhase section */

/* Begin PBXTargetDependency section */
		C135601819594FA9005DABED /* PBXTargetDependency */ = {
			isa = PBXTargetDependency;
			target = C1355FE719594FA9005DABED /* KaiShengHui */;
			targetProxy = C135601719594FA9005DABED /* PBXContainerItemProxy */;
		};
		C1E2ACC2196BEFE100B6A7AF /* PBXTargetDependency */ = {
			isa = PBXTargetDependency;
			target = C1E2AC8D196BE96B00B6A7AF /* Mogenerator */;
			targetProxy = C1E2ACC1196BEFE100B6A7AF /* PBXContainerItemProxy */;
		};
/* End PBXTargetDependency section */

/* Begin PBXVariantGroup section */
		C1355FF619594FA9005DABED /* InfoPlist.strings */ = {
			isa = PBXVariantGroup;
			children = (
				C1355FF719594FA9005DABED /* en */,
			);
			name = InfoPlist.strings;
			sourceTree = "<group>";
		};
		C135601C19594FA9005DABED /* InfoPlist.strings */ = {
			isa = PBXVariantGroup;
			children = (
				C135601D19594FA9005DABED /* en */,
			);
			name = InfoPlist.strings;
			sourceTree = "<group>";
		};
/* End PBXVariantGroup section */

/* Begin XCBuildConfiguration section */
		C135602119594FA9005DABED /* Debug */ = {
			isa = XCBuildConfiguration;
			buildSettings = {
				ALWAYS_SEARCH_USER_PATHS = NO;
				CLANG_CXX_LANGUAGE_STANDARD = "gnu++0x";
				CLANG_CXX_LIBRARY = "libc++";
				CLANG_ENABLE_MODULES = YES;
				CLANG_ENABLE_OBJC_ARC = YES;
				CLANG_WARN_BOOL_CONVERSION = YES;
				CLANG_WARN_CONSTANT_CONVERSION = YES;
				CLANG_WARN_DIRECT_OBJC_ISA_USAGE = YES_ERROR;
				CLANG_WARN_EMPTY_BODY = YES;
				CLANG_WARN_ENUM_CONVERSION = YES;
				CLANG_WARN_INT_CONVERSION = YES;
				CLANG_WARN_OBJC_ROOT_CLASS = YES_ERROR;
				CLANG_WARN__DUPLICATE_METHOD_MATCH = YES;
				"CODE_SIGN_IDENTITY[sdk=iphoneos*]" = "iPhone Developer";
				COPY_PHASE_STRIP = NO;
				GCC_C_LANGUAGE_STANDARD = gnu99;
				GCC_DYNAMIC_NO_PIC = NO;
				GCC_OPTIMIZATION_LEVEL = 0;
				GCC_PREPROCESSOR_DEFINITIONS = (
					"DEBUG=1",
					"$(inherited)",
				);
				GCC_SYMBOLS_PRIVATE_EXTERN = NO;
				GCC_WARN_64_TO_32_BIT_CONVERSION = YES;
				GCC_WARN_ABOUT_RETURN_TYPE = YES_ERROR;
				GCC_WARN_UNDECLARED_SELECTOR = YES;
				GCC_WARN_UNINITIALIZED_AUTOS = YES_AGGRESSIVE;
				GCC_WARN_UNUSED_FUNCTION = YES;
				GCC_WARN_UNUSED_VARIABLE = YES;
				HEADER_SEARCH_PATHS = (
					"$(inherited)",
					/Applications/Xcode.app/Contents/Developer/Toolchains/XcodeDefault.xctoolchain/usr/include,
					"\"$(BUILT_PRODUCTS_DIR)/../../Headers\"",
				);
				IPHONEOS_DEPLOYMENT_TARGET = 7.1;
				ONLY_ACTIVE_ARCH = YES;
				SDKROOT = iphoneos;
			};
			name = Debug;
		};
		C135602219594FA9005DABED /* Release */ = {
			isa = XCBuildConfiguration;
			buildSettings = {
				ALWAYS_SEARCH_USER_PATHS = NO;
				CLANG_CXX_LANGUAGE_STANDARD = "gnu++0x";
				CLANG_CXX_LIBRARY = "libc++";
				CLANG_ENABLE_MODULES = YES;
				CLANG_ENABLE_OBJC_ARC = YES;
				CLANG_WARN_BOOL_CONVERSION = YES;
				CLANG_WARN_CONSTANT_CONVERSION = YES;
				CLANG_WARN_DIRECT_OBJC_ISA_USAGE = YES_ERROR;
				CLANG_WARN_EMPTY_BODY = YES;
				CLANG_WARN_ENUM_CONVERSION = YES;
				CLANG_WARN_INT_CONVERSION = YES;
				CLANG_WARN_OBJC_ROOT_CLASS = YES_ERROR;
				CLANG_WARN__DUPLICATE_METHOD_MATCH = YES;
				"CODE_SIGN_IDENTITY[sdk=iphoneos*]" = "iPhone Developer";
				COPY_PHASE_STRIP = YES;
				ENABLE_NS_ASSERTIONS = NO;
				GCC_C_LANGUAGE_STANDARD = gnu99;
				GCC_WARN_64_TO_32_BIT_CONVERSION = YES;
				GCC_WARN_ABOUT_RETURN_TYPE = YES_ERROR;
				GCC_WARN_UNDECLARED_SELECTOR = YES;
				GCC_WARN_UNINITIALIZED_AUTOS = YES_AGGRESSIVE;
				GCC_WARN_UNUSED_FUNCTION = YES;
				GCC_WARN_UNUSED_VARIABLE = YES;
				HEADER_SEARCH_PATHS = (
					"$(inherited)",
					/Applications/Xcode.app/Contents/Developer/Toolchains/XcodeDefault.xctoolchain/usr/include,
					"\"$(BUILT_PRODUCTS_DIR)/../../Headers\"",
				);
				IPHONEOS_DEPLOYMENT_TARGET = 7.1;
				SDKROOT = iphoneos;
				VALIDATE_PRODUCT = YES;
			};
			name = Release;
		};
		C135602419594FA9005DABED /* Debug */ = {
			isa = XCBuildConfiguration;
			baseConfigurationReference = 07AC7ED80DC44FFAADF56747 /* Pods.xcconfig */;
			buildSettings = {
				ASSETCATALOG_COMPILER_APPICON_NAME = AppIcon;
				ASSETCATALOG_COMPILER_LAUNCHIMAGE_NAME = LaunchImage;
				CODE_SIGN_IDENTITY = "iPhone Developer";
				GCC_PRECOMPILE_PREFIX_HEADER = YES;
				GCC_PREFIX_HEADER = "KaiShengHui/KaiShengHui-Prefix.pch";
				INFOPLIST_FILE = "KaiShengHui/KaiShengHui-Info.plist";
				PRODUCT_NAME = "$(TARGET_NAME)";
				PROVISIONING_PROFILE = "48F08E0F-C676-4AE5-8846-003394FA3DBA";
				"PROVISIONING_PROFILE[sdk=*]" = "";
				WRAPPER_EXTENSION = app;
			};
			name = Debug;
		};
		C135602519594FA9005DABED /* Release */ = {
			isa = XCBuildConfiguration;
			baseConfigurationReference = 07AC7ED80DC44FFAADF56747 /* Pods.xcconfig */;
			buildSettings = {
				ASSETCATALOG_COMPILER_APPICON_NAME = AppIcon;
				ASSETCATALOG_COMPILER_LAUNCHIMAGE_NAME = LaunchImage;
				CODE_SIGN_IDENTITY = "iPhone Developer";
				GCC_PRECOMPILE_PREFIX_HEADER = YES;
				GCC_PREFIX_HEADER = "KaiShengHui/KaiShengHui-Prefix.pch";
				INFOPLIST_FILE = "KaiShengHui/KaiShengHui-Info.plist";
				PRODUCT_NAME = "$(TARGET_NAME)";
				PROVISIONING_PROFILE = "4EBD6AAC-B930-4A00-AE7E-7D6E7BDF0839";
				WRAPPER_EXTENSION = app;
			};
			name = Release;
		};
		C135602719594FA9005DABED /* Debug */ = {
			isa = XCBuildConfiguration;
			baseConfigurationReference = 07AC7ED80DC44FFAADF56747 /* Pods.xcconfig */;
			buildSettings = {
				BUNDLE_LOADER = "$(BUILT_PRODUCTS_DIR)/KaiShengHui.app/KaiShengHui";
				FRAMEWORK_SEARCH_PATHS = (
					"$(SDKROOT)/Developer/Library/Frameworks",
					"$(inherited)",
					"$(DEVELOPER_FRAMEWORKS_DIR)",
				);
				GCC_PRECOMPILE_PREFIX_HEADER = YES;
				GCC_PREFIX_HEADER = "KaiShengHui/KaiShengHui-Prefix.pch";
				GCC_PREPROCESSOR_DEFINITIONS = (
					"DEBUG=1",
					"$(inherited)",
				);
				INFOPLIST_FILE = "KaiShengHuiTests/KaiShengHuiTests-Info.plist";
				LIBRARY_SEARCH_PATHS = "$(inherited)";
				PRODUCT_NAME = "$(TARGET_NAME)";
				TEST_HOST = "$(BUNDLE_LOADER)";
				WRAPPER_EXTENSION = xctest;
			};
			name = Debug;
		};
		C135602819594FA9005DABED /* Release */ = {
			isa = XCBuildConfiguration;
			buildSettings = {
				BUNDLE_LOADER = "$(BUILT_PRODUCTS_DIR)/KaiShengHui.app/KaiShengHui";
				FRAMEWORK_SEARCH_PATHS = (
					"$(SDKROOT)/Developer/Library/Frameworks",
					"$(inherited)",
					"$(DEVELOPER_FRAMEWORKS_DIR)",
				);
				GCC_PRECOMPILE_PREFIX_HEADER = YES;
				GCC_PREFIX_HEADER = "KaiShengHui/KaiShengHui-Prefix.pch";
				INFOPLIST_FILE = "KaiShengHuiTests/KaiShengHuiTests-Info.plist";
				LIBRARY_SEARCH_PATHS = "$(inherited)";
				PRODUCT_NAME = "$(TARGET_NAME)";
				TEST_HOST = "$(BUNDLE_LOADER)";
				WRAPPER_EXTENSION = xctest;
			};
			name = Release;
		};
		C1E2AC8F196BE96B00B6A7AF /* Debug */ = {
			isa = XCBuildConfiguration;
			buildSettings = {
				PRODUCT_NAME = "$(TARGET_NAME)";
			};
			name = Debug;
		};
		C1E2AC90196BE96B00B6A7AF /* Release */ = {
			isa = XCBuildConfiguration;
			buildSettings = {
				PRODUCT_NAME = "$(TARGET_NAME)";
			};
			name = Release;
		};
/* End XCBuildConfiguration section */

/* Begin XCConfigurationList section */
		C1355FE319594FA9005DABED /* Build configuration list for PBXProject "KaiShengHui" */ = {
			isa = XCConfigurationList;
			buildConfigurations = (
				C135602119594FA9005DABED /* Debug */,
				C135602219594FA9005DABED /* Release */,
			);
			defaultConfigurationIsVisible = 0;
			defaultConfigurationName = Release;
		};
		C135602319594FA9005DABED /* Build configuration list for PBXNativeTarget "KaiShengHui" */ = {
			isa = XCConfigurationList;
			buildConfigurations = (
				C135602419594FA9005DABED /* Debug */,
				C135602519594FA9005DABED /* Release */,
			);
			defaultConfigurationIsVisible = 0;
			defaultConfigurationName = Release;
		};
		C135602619594FA9005DABED /* Build configuration list for PBXNativeTarget "KaiShengHuiTests" */ = {
			isa = XCConfigurationList;
			buildConfigurations = (
				C135602719594FA9005DABED /* Debug */,
				C135602819594FA9005DABED /* Release */,
			);
			defaultConfigurationIsVisible = 0;
			defaultConfigurationName = Release;
		};
		C1E2AC8E196BE96B00B6A7AF /* Build configuration list for PBXAggregateTarget "Mogenerator" */ = {
			isa = XCConfigurationList;
			buildConfigurations = (
				C1E2AC8F196BE96B00B6A7AF /* Debug */,
				C1E2AC90196BE96B00B6A7AF /* Release */,
			);
			defaultConfigurationIsVisible = 0;
			defaultConfigurationName = Release;
		};
/* End XCConfigurationList section */

/* Begin XCVersionGroup section */
		C135600219594FA9005DABED /* KaiShengHui.xcdatamodeld */ = {
			isa = XCVersionGroup;
			children = (
				C14D4A3B197E645F00CAA5A5 /* KaiShengHui1.0.0.xcdatamodel */,
				C135600319594FA9005DABED /* KaiShengHui.xcdatamodel */,
			);
			currentVersion = C14D4A3B197E645F00CAA5A5 /* KaiShengHui1.0.0.xcdatamodel */;
			name = KaiShengHui.xcdatamodeld;
			path = ../KaiShengHui.xcdatamodeld;
			sourceTree = "<group>";
			versionGroupType = wrapper.xcdatamodel;
		};
/* End XCVersionGroup section */
	};
	rootObject = C1355FE019594FA9005DABED /* Project object */;
}
