// !$*UTF8*$!
{
	archiveVersion = 1;
	classes = {
	};
	objectVersion = 46;
	objects = {

/* Begin PBXBuildFile section */
		C1560972197CF23E00FB4677 /* Foundation.framework in Frameworks */ = {isa = PBXBuildFile; fileRef = C1560971197CF23E00FB4677 /* Foundation.framework */; };
		C1560974197CF23E00FB4677 /* CoreGraphics.framework in Frameworks */ = {isa = PBXBuildFile; fileRef = C1560973197CF23E00FB4677 /* CoreGraphics.framework */; };
		C1560976197CF23E00FB4677 /* UIKit.framework in Frameworks */ = {isa = PBXBuildFile; fileRef = C1560975197CF23E00FB4677 /* UIKit.framework */; };
		C1560978197CF23E00FB4677 /* CoreData.framework in Frameworks */ = {isa = PBXBuildFile; fileRef = C1560977197CF23E00FB4677 /* CoreData.framework */; };
		C156097E197CF23E00FB4677 /* InfoPlist.strings in Resources */ = {isa = PBXBuildFile; fileRef = C156097C197CF23E00FB4677 /* InfoPlist.strings */; };
		C1560980197CF23E00FB4677 /* main.m in Sources */ = {isa = PBXBuildFile; fileRef = C156097F197CF23E00FB4677 /* main.m */; };
		C1560984197CF23E00FB4677 /* DLOAppDelegate.m in Sources */ = {isa = PBXBuildFile; fileRef = C1560983197CF23E00FB4677 /* DLOAppDelegate.m */; };
		C1560987197CF23E00FB4677 /* holder.xcdatamodeld in Sources */ = {isa = PBXBuildFile; fileRef = C1560985197CF23E00FB4677 /* holder.xcdatamodeld */; };
		C1560989197CF23E00FB4677 /* Images.xcassets in Resources */ = {isa = PBXBuildFile; fileRef = C1560988197CF23E00FB4677 /* Images.xcassets */; };
		C1560990197CF23E00FB4677 /* XCTest.framework in Frameworks */ = {isa = PBXBuildFile; fileRef = C156098F197CF23E00FB4677 /* XCTest.framework */; };
		C1560991197CF23E00FB4677 /* Foundation.framework in Frameworks */ = {isa = PBXBuildFile; fileRef = C1560971197CF23E00FB4677 /* Foundation.framework */; };
		C1560992197CF23E00FB4677 /* UIKit.framework in Frameworks */ = {isa = PBXBuildFile; fileRef = C1560975197CF23E00FB4677 /* UIKit.framework */; };
		C1560993197CF23E00FB4677 /* CoreData.framework in Frameworks */ = {isa = PBXBuildFile; fileRef = C1560977197CF23E00FB4677 /* CoreData.framework */; };
		C156099B197CF23E00FB4677 /* InfoPlist.strings in Resources */ = {isa = PBXBuildFile; fileRef = C1560999197CF23E00FB4677 /* InfoPlist.strings */; };
		C156099D197CF23E00FB4677 /* holderTests.m in Sources */ = {isa = PBXBuildFile; fileRef = C156099C197CF23E00FB4677 /* holderTests.m */; };
/* End PBXBuildFile section */

/* Begin PBXContainerItemProxy section */
		C1560994197CF23E00FB4677 /* PBXContainerItemProxy */ = {
			isa = PBXContainerItemProxy;
			containerPortal = C1560966197CF23E00FB4677 /* Project object */;
			proxyType = 1;
			remoteGlobalIDString = C156096D197CF23E00FB4677;
			remoteInfo = holder;
		};
/* End PBXContainerItemProxy section */

/* Begin PBXFileReference section */
		C156096E197CF23E00FB4677 /* holder.app */ = {isa = PBXFileReference; explicitFileType = wrapper.application; includeInIndex = 0; path = holder.app; sourceTree = BUILT_PRODUCTS_DIR; };
		C1560971197CF23E00FB4677 /* Foundation.framework */ = {isa = PBXFileReference; lastKnownFileType = wrapper.framework; name = Foundation.framework; path = System/Library/Frameworks/Foundation.framework; sourceTree = SDKROOT; };
		C1560973197CF23E00FB4677 /* CoreGraphics.framework */ = {isa = PBXFileReference; lastKnownFileType = wrapper.framework; name = CoreGraphics.framework; path = System/Library/Frameworks/CoreGraphics.framework; sourceTree = SDKROOT; };
		C1560975197CF23E00FB4677 /* UIKit.framework */ = {isa = PBXFileReference; lastKnownFileType = wrapper.framework; name = UIKit.framework; path = System/Library/Frameworks/UIKit.framework; sourceTree = SDKROOT; };
		C1560977197CF23E00FB4677 /* CoreData.framework */ = {isa = PBXFileReference; lastKnownFileType = wrapper.framework; name = CoreData.framework; path = System/Library/Frameworks/CoreData.framework; sourceTree = SDKROOT; };
		C156097B197CF23E00FB4677 /* holder-Info.plist */ = {isa = PBXFileReference; lastKnownFileType = text.plist.xml; path = "holder-Info.plist"; sourceTree = "<group>"; };
		C156097D197CF23E00FB4677 /* en */ = {isa = PBXFileReference; lastKnownFileType = text.plist.strings; name = en; path = en.lproj/InfoPlist.strings; sourceTree = "<group>"; };
		C156097F197CF23E00FB4677 /* main.m */ = {isa = PBXFileReference; lastKnownFileType = sourcecode.c.objc; path = main.m; sourceTree = "<group>"; };
		C1560981197CF23E00FB4677 /* holder-Prefix.pch */ = {isa = PBXFileReference; lastKnownFileType = sourcecode.c.h; path = "holder-Prefix.pch"; sourceTree = "<group>"; };
		C1560982197CF23E00FB4677 /* DLOAppDelegate.h */ = {isa = PBXFileReference; lastKnownFileType = sourcecode.c.h; path = DLOAppDelegate.h; sourceTree = "<group>"; };
		C1560983197CF23E00FB4677 /* DLOAppDelegate.m */ = {isa = PBXFileReference; lastKnownFileType = sourcecode.c.objc; path = DLOAppDelegate.m; sourceTree = "<group>"; };
		C1560986197CF23E00FB4677 /* holder.xcdatamodel */ = {isa = PBXFileReference; lastKnownFileType = wrapper.xcdatamodel; path = holder.xcdatamodel; sourceTree = "<group>"; };
		C1560988197CF23E00FB4677 /* Images.xcassets */ = {isa = PBXFileReference; lastKnownFileType = folder.assetcatalog; path = Images.xcassets; sourceTree = "<group>"; };
		C156098E197CF23E00FB4677 /* holderTests.xctest */ = {isa = PBXFileReference; explicitFileType = wrapper.cfbundle; includeInIndex = 0; path = holderTests.xctest; sourceTree = BUILT_PRODUCTS_DIR; };
		C156098F197CF23E00FB4677 /* XCTest.framework */ = {isa = PBXFileReference; lastKnownFileType = wrapper.framework; name = XCTest.framework; path = Library/Frameworks/XCTest.framework; sourceTree = DEVELOPER_DIR; };
		C1560998197CF23E00FB4677 /* holderTests-Info.plist */ = {isa = PBXFileReference; lastKnownFileType = text.plist.xml; path = "holderTests-Info.plist"; sourceTree = "<group>"; };
		C156099A197CF23E00FB4677 /* en */ = {isa = PBXFileReference; lastKnownFileType = text.plist.strings; name = en; path = en.lproj/InfoPlist.strings; sourceTree = "<group>"; };
		C156099C197CF23E00FB4677 /* holderTests.m */ = {isa = PBXFileReference; lastKnownFileType = sourcecode.c.objc; path = holderTests.m; sourceTree = "<group>"; };
/* End PBXFileReference section */

/* Begin PBXFrameworksBuildPhase section */
		C156096B197CF23E00FB4677 /* Frameworks */ = {
			isa = PBXFrameworksBuildPhase;
			buildActionMask = 2147483647;
			files = (
				C1560974197CF23E00FB4677 /* CoreGraphics.framework in Frameworks */,
				C1560978197CF23E00FB4677 /* CoreData.framework in Frameworks */,
				C1560976197CF23E00FB4677 /* UIKit.framework in Frameworks */,
				C1560972197CF23E00FB4677 /* Foundation.framework in Frameworks */,
			);
			runOnlyForDeploymentPostprocessing = 0;
		};
		C156098B197CF23E00FB4677 /* Frameworks */ = {
			isa = PBXFrameworksBuildPhase;
			buildActionMask = 2147483647;
			files = (
				C1560990197CF23E00FB4677 /* XCTest.framework in Frameworks */,
				C1560993197CF23E00FB4677 /* CoreData.framework in Frameworks */,
				C1560992197CF23E00FB4677 /* UIKit.framework in Frameworks */,
				C1560991197CF23E00FB4677 /* Foundation.framework in Frameworks */,
			);
			runOnlyForDeploymentPostprocessing = 0;
		};
/* End PBXFrameworksBuildPhase section */

/* Begin PBXGroup section */
		C1560965197CF23E00FB4677 = {
			isa = PBXGroup;
			children = (
				C1560979197CF23E00FB4677 /* holder */,
				C1560996197CF23E00FB4677 /* holderTests */,
				C1560970197CF23E00FB4677 /* Frameworks */,
				C156096F197CF23E00FB4677 /* Products */,
			);
			sourceTree = "<group>";
		};
		C156096F197CF23E00FB4677 /* Products */ = {
			isa = PBXGroup;
			children = (
				C156096E197CF23E00FB4677 /* holder.app */,
				C156098E197CF23E00FB4677 /* holderTests.xctest */,
			);
			name = Products;
			sourceTree = "<group>";
		};
		C1560970197CF23E00FB4677 /* Frameworks */ = {
			isa = PBXGroup;
			children = (
				C1560971197CF23E00FB4677 /* Foundation.framework */,
				C1560973197CF23E00FB4677 /* CoreGraphics.framework */,
				C1560975197CF23E00FB4677 /* UIKit.framework */,
				C1560977197CF23E00FB4677 /* CoreData.framework */,
				C156098F197CF23E00FB4677 /* XCTest.framework */,
			);
			name = Frameworks;
			sourceTree = "<group>";
		};
		C1560979197CF23E00FB4677 /* holder */ = {
			isa = PBXGroup;
			children = (
				C1560982197CF23E00FB4677 /* DLOAppDelegate.h */,
				C1560983197CF23E00FB4677 /* DLOAppDelegate.m */,
				C1560988197CF23E00FB4677 /* Images.xcassets */,
				C1560985197CF23E00FB4677 /* holder.xcdatamodeld */,
				C156097A197CF23E00FB4677 /* Supporting Files */,
			);
			path = holder;
			sourceTree = "<group>";
		};
		C156097A197CF23E00FB4677 /* Supporting Files */ = {
			isa = PBXGroup;
			children = (
				C156097B197CF23E00FB4677 /* holder-Info.plist */,
				C156097C197CF23E00FB4677 /* InfoPlist.strings */,
				C156097F197CF23E00FB4677 /* main.m */,
				C1560981197CF23E00FB4677 /* holder-Prefix.pch */,
			);
			name = "Supporting Files";
			sourceTree = "<group>";
		};
		C1560996197CF23E00FB4677 /* holderTests */ = {
			isa = PBXGroup;
			children = (
				C156099C197CF23E00FB4677 /* holderTests.m */,
				C1560997197CF23E00FB4677 /* Supporting Files */,
			);
			path = holderTests;
			sourceTree = "<group>";
		};
		C1560997197CF23E00FB4677 /* Supporting Files */ = {
			isa = PBXGroup;
			children = (
				C1560998197CF23E00FB4677 /* holderTests-Info.plist */,
				C1560999197CF23E00FB4677 /* InfoPlist.strings */,
			);
			name = "Supporting Files";
			sourceTree = "<group>";
		};
/* End PBXGroup section */

/* Begin PBXNativeTarget section */
		C156096D197CF23E00FB4677 /* holder */ = {
			isa = PBXNativeTarget;
			buildConfigurationList = C15609A0197CF23E00FB4677 /* Build configuration list for PBXNativeTarget "holder" */;
			buildPhases = (
				C156096A197CF23E00FB4677 /* Sources */,
				C156096B197CF23E00FB4677 /* Frameworks */,
				C156096C197CF23E00FB4677 /* Resources */,
			);
			buildRules = (
			);
			dependencies = (
			);
			name = holder;
			productName = holder;
			productReference = C156096E197CF23E00FB4677 /* holder.app */;
			productType = "com.apple.product-type.application";
		};
		C156098D197CF23E00FB4677 /* holderTests */ = {
			isa = PBXNativeTarget;
			buildConfigurationList = C15609A3197CF23E00FB4677 /* Build configuration list for PBXNativeTarget "holderTests" */;
			buildPhases = (
				C156098A197CF23E00FB4677 /* Sources */,
				C156098B197CF23E00FB4677 /* Frameworks */,
				C156098C197CF23E00FB4677 /* Resources */,
			);
			buildRules = (
			);
			dependencies = (
				C1560995197CF23E00FB4677 /* PBXTargetDependency */,
			);
			name = holderTests;
			productName = holderTests;
			productReference = C156098E197CF23E00FB4677 /* holderTests.xctest */;
			productType = "com.apple.product-type.bundle.unit-test";
		};
/* End PBXNativeTarget section */

/* Begin PBXProject section */
		C1560966197CF23E00FB4677 /* Project object */ = {
			isa = PBXProject;
			attributes = {
				CLASSPREFIX = DLO;
				LastUpgradeCheck = 0510;
				ORGANIZATIONNAME = tatloong;
				TargetAttributes = {
					C156098D197CF23E00FB4677 = {
						TestTargetID = C156096D197CF23E00FB4677;
					};
				};
			};
			buildConfigurationList = C1560969197CF23E00FB4677 /* Build configuration list for PBXProject "holder" */;
			compatibilityVersion = "Xcode 3.2";
			developmentRegion = English;
			hasScannedForEncodings = 0;
			knownRegions = (
				en,
			);
			mainGroup = C1560965197CF23E00FB4677;
			productRefGroup = C156096F197CF23E00FB4677 /* Products */;
			projectDirPath = "";
			projectRoot = "";
			targets = (
				C156096D197CF23E00FB4677 /* holder */,
				C156098D197CF23E00FB4677 /* holderTests */,
			);
		};
/* End PBXProject section */

/* Begin PBXResourcesBuildPhase section */
		C156096C197CF23E00FB4677 /* Resources */ = {
			isa = PBXResourcesBuildPhase;
			buildActionMask = 2147483647;
			files = (
				C156097E197CF23E00FB4677 /* InfoPlist.strings in Resources */,
				C1560989197CF23E00FB4677 /* Images.xcassets in Resources */,
			);
			runOnlyForDeploymentPostprocessing = 0;
		};
		C156098C197CF23E00FB4677 /* Resources */ = {
			isa = PBXResourcesBuildPhase;
			buildActionMask = 2147483647;
			files = (
				C156099B197CF23E00FB4677 /* InfoPlist.strings in Resources */,
			);
			runOnlyForDeploymentPostprocessing = 0;
		};
/* End PBXResourcesBuildPhase section */

/* Begin PBXSourcesBuildPhase section */
		C156096A197CF23E00FB4677 /* Sources */ = {
			isa = PBXSourcesBuildPhase;
			buildActionMask = 2147483647;
			files = (
				C1560984197CF23E00FB4677 /* DLOAppDelegate.m in Sources */,
				C1560987197CF23E00FB4677 /* holder.xcdatamodeld in Sources */,
				C1560980197CF23E00FB4677 /* main.m in Sources */,
			);
			runOnlyForDeploymentPostprocessing = 0;
		};
		C156098A197CF23E00FB4677 /* Sources */ = {
			isa = PBXSourcesBuildPhase;
			buildActionMask = 2147483647;
			files = (
				C156099D197CF23E00FB4677 /* holderTests.m in Sources */,
			);
			runOnlyForDeploymentPostprocessing = 0;
		};
/* End PBXSourcesBuildPhase section */

/* Begin PBXTargetDependency section */
		C1560995197CF23E00FB4677 /* PBXTargetDependency */ = {
			isa = PBXTargetDependency;
			target = C156096D197CF23E00FB4677 /* holder */;
			targetProxy = C1560994197CF23E00FB4677 /* PBXContainerItemProxy */;
		};
/* End PBXTargetDependency section */

/* Begin PBXVariantGroup section */
		C156097C197CF23E00FB4677 /* InfoPlist.strings */ = {
			isa = PBXVariantGroup;
			children = (
				C156097D197CF23E00FB4677 /* en */,
			);
			name = InfoPlist.strings;
			sourceTree = "<group>";
		};
		C1560999197CF23E00FB4677 /* InfoPlist.strings */ = {
			isa = PBXVariantGroup;
			children = (
				C156099A197CF23E00FB4677 /* en */,
			);
			name = InfoPlist.strings;
			sourceTree = "<group>";
		};
/* End PBXVariantGroup section */

/* Begin XCBuildConfiguration section */
		C156099E197CF23E00FB4677 /* Debug */ = {
			isa = XCBuildConfiguration;
			buildSettings = {
				ALWAYS_SEARCH_USER_PATHS = NO;
				CLANG_CXX_LANGUAGE_STANDARD = "gnu++0x";
				CLANG_CXX_LIBRARY = "libc++";
				CLANG_ENABLE_MODULES = YES;
				CLANG_ENABLE_OBJC_ARC = YES;
				CLANG_WARN_BOOL_CONVERSION = YES;
				CLANG_WARN_CONSTANT_CONVERSION = YES;
				CLANG_WARN_DIRECT_OBJC_ISA_USAGE = YES_ERROR;
				CLANG_WARN_EMPTY_BODY = YES;
				CLANG_WARN_ENUM_CONVERSION = YES;
				CLANG_WARN_INT_CONVERSION = YES;
				CLANG_WARN_OBJC_ROOT_CLASS = YES_ERROR;
				CLANG_WARN__DUPLICATE_METHOD_MATCH = YES;
				"CODE_SIGN_IDENTITY[sdk=iphoneos*]" = "iPhone Developer";
				COPY_PHASE_STRIP = NO;
				GCC_C_LANGUAGE_STANDARD = gnu99;
				GCC_DYNAMIC_NO_PIC = NO;
				GCC_OPTIMIZATION_LEVEL = 0;
				GCC_PREPROCESSOR_DEFINITIONS = (
					"DEBUG=1",
					"$(inherited)",
				);
				GCC_SYMBOLS_PRIVATE_EXTERN = NO;
				GCC_WARN_64_TO_32_BIT_CONVERSION = YES;
				GCC_WARN_ABOUT_RETURN_TYPE = YES_ERROR;
				GCC_WARN_UNDECLARED_SELECTOR = YES;
				GCC_WARN_UNINITIALIZED_AUTOS = YES_AGGRESSIVE;
				GCC_WARN_UNUSED_FUNCTION = YES;
				GCC_WARN_UNUSED_VARIABLE = YES;
				IPHONEOS_DEPLOYMENT_TARGET = 7.1;
				ONLY_ACTIVE_ARCH = YES;
				SDKROOT = iphoneos;
			};
			name = Debug;
		};
		C156099F197CF23E00FB4677 /* Release */ = {
			isa = XCBuildConfiguration;
			buildSettings = {
				ALWAYS_SEARCH_USER_PATHS = NO;
				CLANG_CXX_LANGUAGE_STANDARD = "gnu++0x";
				CLANG_CXX_LIBRARY = "libc++";
				CLANG_ENABLE_MODULES = YES;
				CLANG_ENABLE_OBJC_ARC = YES;
				CLANG_WARN_BOOL_CONVERSION = YES;
				CLANG_WARN_CONSTANT_CONVERSION = YES;
				CLANG_WARN_DIRECT_OBJC_ISA_USAGE = YES_ERROR;
				CLANG_WARN_EMPTY_BODY = YES;
				CLANG_WARN_ENUM_CONVERSION = YES;
				CLANG_WARN_INT_CONVERSION = YES;
				CLANG_WARN_OBJC_ROOT_CLASS = YES_ERROR;
				CLANG_WARN__DUPLICATE_METHOD_MATCH = YES;
				"CODE_SIGN_IDENTITY[sdk=iphoneos*]" = "iPhone Developer";
				COPY_PHASE_STRIP = YES;
				ENABLE_NS_ASSERTIONS = NO;
				GCC_C_LANGUAGE_STANDARD = gnu99;
				GCC_WARN_64_TO_32_BIT_CONVERSION = YES;
				GCC_WARN_ABOUT_RETURN_TYPE = YES_ERROR;
				GCC_WARN_UNDECLARED_SELECTOR = YES;
				GCC_WARN_UNINITIALIZED_AUTOS = YES_AGGRESSIVE;
				GCC_WARN_UNUSED_FUNCTION = YES;
				GCC_WARN_UNUSED_VARIABLE = YES;
				IPHONEOS_DEPLOYMENT_TARGET = 7.1;
				SDKROOT = iphoneos;
				VALIDATE_PRODUCT = YES;
			};
			name = Release;
		};
		C15609A1197CF23E00FB4677 /* Debug */ = {
			isa = XCBuildConfiguration;
			buildSettings = {
				ASSETCATALOG_COMPILER_APPICON_NAME = AppIcon;
				ASSETCATALOG_COMPILER_LAUNCHIMAGE_NAME = LaunchImage;
				GCC_PRECOMPILE_PREFIX_HEADER = YES;
				GCC_PREFIX_HEADER = "holder/holder-Prefix.pch";
				INFOPLIST_FILE = "holder/holder-Info.plist";
				PRODUCT_NAME = "$(TARGET_NAME)";
				WRAPPER_EXTENSION = app;
			};
			name = Debug;
		};
		C15609A2197CF23E00FB4677 /* Release */ = {
			isa = XCBuildConfiguration;
			buildSettings = {
				ASSETCATALOG_COMPILER_APPICON_NAME = AppIcon;
				ASSETCATALOG_COMPILER_LAUNCHIMAGE_NAME = LaunchImage;
				GCC_PRECOMPILE_PREFIX_HEADER = YES;
				GCC_PREFIX_HEADER = "holder/holder-Prefix.pch";
				INFOPLIST_FILE = "holder/holder-Info.plist";
				PRODUCT_NAME = "$(TARGET_NAME)";
				WRAPPER_EXTENSION = app;
			};
			name = Release;
		};
		C15609A4197CF23E00FB4677 /* Debug */ = {
			isa = XCBuildConfiguration;
			buildSettings = {
				BUNDLE_LOADER = "$(BUILT_PRODUCTS_DIR)/holder.app/holder";
				FRAMEWORK_SEARCH_PATHS = (
					"$(SDKROOT)/Developer/Library/Frameworks",
					"$(inherited)",
					"$(DEVELOPER_FRAMEWORKS_DIR)",
				);
				GCC_PRECOMPILE_PREFIX_HEADER = YES;
				GCC_PREFIX_HEADER = "holder/holder-Prefix.pch";
				GCC_PREPROCESSOR_DEFINITIONS = (
					"DEBUG=1",
					"$(inherited)",
				);
				INFOPLIST_FILE = "holderTests/holderTests-Info.plist";
				PRODUCT_NAME = "$(TARGET_NAME)";
				TEST_HOST = "$(BUNDLE_LOADER)";
				WRAPPER_EXTENSION = xctest;
			};
			name = Debug;
		};
		C15609A5197CF23E00FB4677 /* Release */ = {
			isa = XCBuildConfiguration;
			buildSettings = {
				BUNDLE_LOADER = "$(BUILT_PRODUCTS_DIR)/holder.app/holder";
				FRAMEWORK_SEARCH_PATHS = (
					"$(SDKROOT)/Developer/Library/Frameworks",
					"$(inherited)",
					"$(DEVELOPER_FRAMEWORKS_DIR)",
				);
				GCC_PRECOMPILE_PREFIX_HEADER = YES;
				GCC_PREFIX_HEADER = "holder/holder-Prefix.pch";
				INFOPLIST_FILE = "holderTests/holderTests-Info.plist";
				PRODUCT_NAME = "$(TARGET_NAME)";
				TEST_HOST = "$(BUNDLE_LOADER)";
				WRAPPER_EXTENSION = xctest;
			};
			name = Release;
		};
/* End XCBuildConfiguration section */

/* Begin XCConfigurationList section */
		C1560969197CF23E00FB4677 /* Build configuration list for PBXProject "holder" */ = {
			isa = XCConfigurationList;
			buildConfigurations = (
				C156099E197CF23E00FB4677 /* Debug */,
				C156099F197CF23E00FB4677 /* Release */,
			);
			defaultConfigurationIsVisible = 0;
			defaultConfigurationName = Release;
		};
		C15609A0197CF23E00FB4677 /* Build configuration list for PBXNativeTarget "holder" */ = {
			isa = XCConfigurationList;
			buildConfigurations = (
				C15609A1197CF23E00FB4677 /* Debug */,
				C15609A2197CF23E00FB4677 /* Release */,
			);
			defaultConfigurationIsVisible = 0;
		};
		C15609A3197CF23E00FB4677 /* Build configuration list for PBXNativeTarget "holderTests" */ = {
			isa = XCConfigurationList;
			buildConfigurations = (
				C15609A4197CF23E00FB4677 /* Debug */,
				C15609A5197CF23E00FB4677 /* Release */,
			);
			defaultConfigurationIsVisible = 0;
		};
/* End XCConfigurationList section */

/* Begin XCVersionGroup section */
		C1560985197CF23E00FB4677 /* holder.xcdatamodeld */ = {
			isa = XCVersionGroup;
			children = (
				C1560986197CF23E00FB4677 /* holder.xcdatamodel */,
			);
			currentVersion = C1560986197CF23E00FB4677 /* holder.xcdatamodel */;
			path = holder.xcdatamodeld;
			sourceTree = "<group>";
			versionGroupType = wrapper.xcdatamodel;
		};
/* End XCVersionGroup section */
	};
	rootObject = C1560966197CF23E00FB4677 /* Project object */;
}
